
Microsoft Visual Studio Solution File, Format Version 12.00
# Visual Studio Version 16
VisualStudioVersion = 16.0.29306.81
MinimumVisualStudioVersion = 10.0.40219.1
Project("{2150E333-8FDC-42A3-9474-1A3956D46DE8}") = "SingularityForensic.Entites", "SingularityForensic.Entites", "{0853135E-B106-4992-AD60-6873CD1ECA67}"
EndProject
Project("{FAE04EC0-301F-11D3-BF4B-00C04F79EFBC}") = "SingularityForensic", "SingularityForensic\SingularityForensic.csproj", "{ADDFFD58-E151-4487-A825-4DB19E4FC0B9}"
EndProject
Project("{8BC9CEB8-8B4A-11D0-8D11-00A0C91BC942}") = "DirectOutIn", "DirectOutIn\DirectOutIn.vcxproj", "{EAE16711-1475-4644-BE49-E30E28DA6ED0}"
EndProject
Project("{FAE04EC0-301F-11D3-BF4B-00C04F79EFBC}") = "SingularityUpdater", "SingularityUpdater\SingularityUpdater.csproj", "{CEA7ED9E-555F-4C9B-8D8B-A1A708FEEA89}"
EndProject
Project("{2150E333-8FDC-42A3-9474-1A3956D46DE8}") = "SingularityForensic.Tests", "SingularityForensic.Tests", "{5F907660-4966-4ECD-81EA-43423C0178E5}"
EndProject
Project("{FAE04EC0-301F-11D3-BF4B-00C04F79EFBC}") = "DemoUI", "DemoUI\DemoUI.csproj", "{AB59AF69-2285-497B-A4DC-1EA669B34C61}"
EndProject
Project("{FAE04EC0-301F-11D3-BF4B-00C04F79EFBC}") = "Cflab.DataTransport", "Cflab.DataTransport\Cflab.DataTransport.csproj", "{80F67817-5BF1-4542-B77B-9F29F739B360}"
EndProject
Project("{FAE04EC0-301F-11D3-BF4B-00C04F79EFBC}") = "SingularityParser", "SingularityParser\SingularityParser.csproj", "{050EE5E6-526C-4195-881F-E50D0882FACA}"
EndProject
Project("{FAE04EC0-301F-11D3-BF4B-00C04F79EFBC}") = "SingularityForensic.Contracts", "SingularityForensic.Contracts\SingularityForensic.Contracts.csproj", "{AD6DA6A6-29AC-4DE0-A007-CCB3A61FBFF7}"
EndProject
Project("{FAE04EC0-301F-11D3-BF4B-00C04F79EFBC}") = "SingularityForensic.Info", "SingularityForensic.Info\SingularityForensic.Info.csproj", "{6287251B-D2C5-4A03-89F3-7DE1F9399D7A}"
EndProject
Project("{FAE04EC0-301F-11D3-BF4B-00C04F79EFBC}") = "SingularityShell", "SingularityShell\SingularityShell.csproj", "{A0D2F2F0-83BD-45D5-9EE7-8E7F5DE02F2F}"
EndProject
Project("{FAE04EC0-301F-11D3-BF4B-00C04F79EFBC}") = "SingularityForensic.Test", "SingularityForensic.Test\SingularityForensic.Test.csproj", "{670338C8-3F09-4A93-9378-DBF3E99FA16B}"
EndProject
Project("{8BC9CEB8-8B4A-11D0-8D11-00A0C91BC942}") = "Contracts", "Contracts\Contracts.vcxproj", "{512FA363-0490-4DA4-B422-C5ADB4DFCEB2}"
EndProject
Project("{8BC9CEB8-8B4A-11D0-8D11-00A0C91BC942}") = "StreamExtension", "StreamExtension\StreamExtension.vcxproj", "{921AB1BA-C2FE-437D-820C-8481425577F2}"
EndProject
Project("{8BC9CEB8-8B4A-11D0-8D11-00A0C91BC942}") = "CPPInvoker", "CPPInvoker\CPPInvoker.vcxproj", "{E05E1D4D-5980-454C-BAE0-2F6845AF643B}"
EndProject
Project("{FAE04EC0-301F-11D3-BF4B-00C04F79EFBC}") = "SingularityForensic.Themes", "SingularityForensic.Themes\SingularityForensic.Themes.csproj", "{42C3A445-0DD2-47A8-921C-921B65D81D50}"
EndProject
Global
	GlobalSection(SolutionConfigurationPlatforms) = preSolution
		CD_ROM|Any CPU = CD_ROM|Any CPU
		CD_ROM|x64 = CD_ROM|x64
		CD_ROM|x86 = CD_ROM|x86
		Debug|Any CPU = Debug|Any CPU
		Debug|x64 = Debug|x64
		Debug|x86 = Debug|x86
		DVD-5|Any CPU = DVD-5|Any CPU
		DVD-5|x64 = DVD-5|x64
		DVD-5|x86 = DVD-5|x86
		Release|Any CPU = Release|Any CPU
		Release|x64 = Release|x64
		Release|x86 = Release|x86
		SingleImage|Any CPU = SingleImage|Any CPU
		SingleImage|x64 = SingleImage|x64
		SingleImage|x86 = SingleImage|x86
	EndGlobalSection
	GlobalSection(ProjectConfigurationPlatforms) = postSolution
		{ADDFFD58-E151-4487-A825-4DB19E4FC0B9}.CD_ROM|Any CPU.ActiveCfg = Release|Any CPU
		{ADDFFD58-E151-4487-A825-4DB19E4FC0B9}.CD_ROM|Any CPU.Build.0 = Release|Any CPU
		{ADDFFD58-E151-4487-A825-4DB19E4FC0B9}.CD_ROM|x64.ActiveCfg = Debug|Any CPU
		{ADDFFD58-E151-4487-A825-4DB19E4FC0B9}.CD_ROM|x64.Build.0 = Debug|Any CPU
		{ADDFFD58-E151-4487-A825-4DB19E4FC0B9}.CD_ROM|x86.ActiveCfg = Debug|Any CPU
		{ADDFFD58-E151-4487-A825-4DB19E4FC0B9}.CD_ROM|x86.Build.0 = Debug|Any CPU
		{ADDFFD58-E151-4487-A825-4DB19E4FC0B9}.Debug|Any CPU.ActiveCfg = Debug|Any CPU
		{ADDFFD58-E151-4487-A825-4DB19E4FC0B9}.Debug|Any CPU.Build.0 = Debug|Any CPU
		{ADDFFD58-E151-4487-A825-4DB19E4FC0B9}.Debug|x64.ActiveCfg = Debug|Any CPU
		{ADDFFD58-E151-4487-A825-4DB19E4FC0B9}.Debug|x64.Build.0 = Debug|Any CPU
		{ADDFFD58-E151-4487-A825-4DB19E4FC0B9}.Debug|x86.ActiveCfg = Debug|Any CPU
		{ADDFFD58-E151-4487-A825-4DB19E4FC0B9}.Debug|x86.Build.0 = Debug|Any CPU
		{ADDFFD58-E151-4487-A825-4DB19E4FC0B9}.DVD-5|Any CPU.ActiveCfg = Debug|Any CPU
		{ADDFFD58-E151-4487-A825-4DB19E4FC0B9}.DVD-5|Any CPU.Build.0 = Debug|Any CPU
		{ADDFFD58-E151-4487-A825-4DB19E4FC0B9}.DVD-5|x64.ActiveCfg = Debug|Any CPU
		{ADDFFD58-E151-4487-A825-4DB19E4FC0B9}.DVD-5|x64.Build.0 = Debug|Any CPU
		{ADDFFD58-E151-4487-A825-4DB19E4FC0B9}.DVD-5|x86.ActiveCfg = Debug|Any CPU
		{ADDFFD58-E151-4487-A825-4DB19E4FC0B9}.DVD-5|x86.Build.0 = Debug|Any CPU
		{ADDFFD58-E151-4487-A825-4DB19E4FC0B9}.Release|Any CPU.ActiveCfg = Release|Any CPU
		{ADDFFD58-E151-4487-A825-4DB19E4FC0B9}.Release|Any CPU.Build.0 = Release|Any CPU
		{ADDFFD58-E151-4487-A825-4DB19E4FC0B9}.Release|x64.ActiveCfg = Release|Any CPU
		{ADDFFD58-E151-4487-A825-4DB19E4FC0B9}.Release|x64.Build.0 = Release|Any CPU
		{ADDFFD58-E151-4487-A825-4DB19E4FC0B9}.Release|x86.ActiveCfg = Release|Any CPU
		{ADDFFD58-E151-4487-A825-4DB19E4FC0B9}.Release|x86.Build.0 = Release|Any CPU
		{ADDFFD58-E151-4487-A825-4DB19E4FC0B9}.SingleImage|Any CPU.ActiveCfg = Release|Any CPU
		{ADDFFD58-E151-4487-A825-4DB19E4FC0B9}.SingleImage|Any CPU.Build.0 = Release|Any CPU
		{ADDFFD58-E151-4487-A825-4DB19E4FC0B9}.SingleImage|x64.ActiveCfg = Debug|Any CPU
		{ADDFFD58-E151-4487-A825-4DB19E4FC0B9}.SingleImage|x64.Build.0 = Debug|Any CPU
		{ADDFFD58-E151-4487-A825-4DB19E4FC0B9}.SingleImage|x86.ActiveCfg = Debug|Any CPU
		{ADDFFD58-E151-4487-A825-4DB19E4FC0B9}.SingleImage|x86.Build.0 = Debug|Any CPU
		{EAE16711-1475-4644-BE49-E30E28DA6ED0}.CD_ROM|Any CPU.ActiveCfg = Release|x64
		{EAE16711-1475-4644-BE49-E30E28DA6ED0}.CD_ROM|Any CPU.Build.0 = Release|x64
		{EAE16711-1475-4644-BE49-E30E28DA6ED0}.CD_ROM|x64.ActiveCfg = Release|x64
		{EAE16711-1475-4644-BE49-E30E28DA6ED0}.CD_ROM|x64.Build.0 = Release|x64
		{EAE16711-1475-4644-BE49-E30E28DA6ED0}.CD_ROM|x86.ActiveCfg = Release|Win32
		{EAE16711-1475-4644-BE49-E30E28DA6ED0}.CD_ROM|x86.Build.0 = Release|Win32
		{EAE16711-1475-4644-BE49-E30E28DA6ED0}.Debug|Any CPU.ActiveCfg = Debug|Win32
		{EAE16711-1475-4644-BE49-E30E28DA6ED0}.Debug|Any CPU.Build.0 = Debug|Win32
		{EAE16711-1475-4644-BE49-E30E28DA6ED0}.Debug|x64.ActiveCfg = Debug|Win32
		{EAE16711-1475-4644-BE49-E30E28DA6ED0}.Debug|x64.Build.0 = Debug|x64
		{EAE16711-1475-4644-BE49-E30E28DA6ED0}.Debug|x86.ActiveCfg = Debug|Win32
		{EAE16711-1475-4644-BE49-E30E28DA6ED0}.Debug|x86.Build.0 = Debug|Win32
		{EAE16711-1475-4644-BE49-E30E28DA6ED0}.DVD-5|Any CPU.ActiveCfg = Release|x64
		{EAE16711-1475-4644-BE49-E30E28DA6ED0}.DVD-5|Any CPU.Build.0 = Release|x64
		{EAE16711-1475-4644-BE49-E30E28DA6ED0}.DVD-5|x64.ActiveCfg = Debug|x64
		{EAE16711-1475-4644-BE49-E30E28DA6ED0}.DVD-5|x64.Build.0 = Debug|x64
		{EAE16711-1475-4644-BE49-E30E28DA6ED0}.DVD-5|x86.ActiveCfg = Debug|Win32
		{EAE16711-1475-4644-BE49-E30E28DA6ED0}.DVD-5|x86.Build.0 = Debug|Win32
		{EAE16711-1475-4644-BE49-E30E28DA6ED0}.Release|Any CPU.ActiveCfg = Release|Win32
		{EAE16711-1475-4644-BE49-E30E28DA6ED0}.Release|Any CPU.Build.0 = Release|Win32
		{EAE16711-1475-4644-BE49-E30E28DA6ED0}.Release|x64.ActiveCfg = Release|Win32
		{EAE16711-1475-4644-BE49-E30E28DA6ED0}.Release|x64.Build.0 = Release|x64
		{EAE16711-1475-4644-BE49-E30E28DA6ED0}.Release|x86.ActiveCfg = Release|Win32
		{EAE16711-1475-4644-BE49-E30E28DA6ED0}.Release|x86.Build.0 = Release|Win32
		{EAE16711-1475-4644-BE49-E30E28DA6ED0}.SingleImage|Any CPU.ActiveCfg = Release|x64
		{EAE16711-1475-4644-BE49-E30E28DA6ED0}.SingleImage|Any CPU.Build.0 = Release|x64
		{EAE16711-1475-4644-BE49-E30E28DA6ED0}.SingleImage|x64.ActiveCfg = Release|x64
		{EAE16711-1475-4644-BE49-E30E28DA6ED0}.SingleImage|x64.Build.0 = Release|x64
		{EAE16711-1475-4644-BE49-E30E28DA6ED0}.SingleImage|x86.ActiveCfg = Release|Win32
		{EAE16711-1475-4644-BE49-E30E28DA6ED0}.SingleImage|x86.Build.0 = Release|Win32
		{CEA7ED9E-555F-4C9B-8D8B-A1A708FEEA89}.CD_ROM|Any CPU.ActiveCfg = Release|Any CPU
		{CEA7ED9E-555F-4C9B-8D8B-A1A708FEEA89}.CD_ROM|Any CPU.Build.0 = Release|Any CPU
		{CEA7ED9E-555F-4C9B-8D8B-A1A708FEEA89}.CD_ROM|x64.ActiveCfg = Release|Any CPU
		{CEA7ED9E-555F-4C9B-8D8B-A1A708FEEA89}.CD_ROM|x64.Build.0 = Release|Any CPU
		{CEA7ED9E-555F-4C9B-8D8B-A1A708FEEA89}.CD_ROM|x86.ActiveCfg = Release|Any CPU
		{CEA7ED9E-555F-4C9B-8D8B-A1A708FEEA89}.CD_ROM|x86.Build.0 = Release|Any CPU
		{CEA7ED9E-555F-4C9B-8D8B-A1A708FEEA89}.Debug|Any CPU.ActiveCfg = Debug|Any CPU
		{CEA7ED9E-555F-4C9B-8D8B-A1A708FEEA89}.Debug|Any CPU.Build.0 = Debug|Any CPU
		{CEA7ED9E-555F-4C9B-8D8B-A1A708FEEA89}.Debug|x64.ActiveCfg = Debug|Any CPU
		{CEA7ED9E-555F-4C9B-8D8B-A1A708FEEA89}.Debug|x64.Build.0 = Debug|Any CPU
		{CEA7ED9E-555F-4C9B-8D8B-A1A708FEEA89}.Debug|x86.ActiveCfg = Debug|Any CPU
		{CEA7ED9E-555F-4C9B-8D8B-A1A708FEEA89}.Debug|x86.Build.0 = Debug|Any CPU
		{CEA7ED9E-555F-4C9B-8D8B-A1A708FEEA89}.DVD-5|Any CPU.ActiveCfg = Debug|Any CPU
		{CEA7ED9E-555F-4C9B-8D8B-A1A708FEEA89}.DVD-5|Any CPU.Build.0 = Debug|Any CPU
		{CEA7ED9E-555F-4C9B-8D8B-A1A708FEEA89}.DVD-5|x64.ActiveCfg = Debug|Any CPU
		{CEA7ED9E-555F-4C9B-8D8B-A1A708FEEA89}.DVD-5|x64.Build.0 = Debug|Any CPU
		{CEA7ED9E-555F-4C9B-8D8B-A1A708FEEA89}.DVD-5|x86.ActiveCfg = Debug|Any CPU
		{CEA7ED9E-555F-4C9B-8D8B-A1A708FEEA89}.DVD-5|x86.Build.0 = Debug|Any CPU
		{CEA7ED9E-555F-4C9B-8D8B-A1A708FEEA89}.Release|Any CPU.ActiveCfg = Release|Any CPU
		{CEA7ED9E-555F-4C9B-8D8B-A1A708FEEA89}.Release|Any CPU.Build.0 = Release|Any CPU
		{CEA7ED9E-555F-4C9B-8D8B-A1A708FEEA89}.Release|x64.ActiveCfg = Release|Any CPU
		{CEA7ED9E-555F-4C9B-8D8B-A1A708FEEA89}.Release|x64.Build.0 = Release|Any CPU
		{CEA7ED9E-555F-4C9B-8D8B-A1A708FEEA89}.Release|x86.ActiveCfg = Release|Any CPU
		{CEA7ED9E-555F-4C9B-8D8B-A1A708FEEA89}.Release|x86.Build.0 = Release|Any CPU
		{CEA7ED9E-555F-4C9B-8D8B-A1A708FEEA89}.SingleImage|Any CPU.ActiveCfg = Release|Any CPU
		{CEA7ED9E-555F-4C9B-8D8B-A1A708FEEA89}.SingleImage|Any CPU.Build.0 = Release|Any CPU
		{CEA7ED9E-555F-4C9B-8D8B-A1A708FEEA89}.SingleImage|x64.ActiveCfg = Release|Any CPU
		{CEA7ED9E-555F-4C9B-8D8B-A1A708FEEA89}.SingleImage|x64.Build.0 = Release|Any CPU
		{CEA7ED9E-555F-4C9B-8D8B-A1A708FEEA89}.SingleImage|x86.ActiveCfg = Release|Any CPU
		{CEA7ED9E-555F-4C9B-8D8B-A1A708FEEA89}.SingleImage|x86.Build.0 = Release|Any CPU
		{AB59AF69-2285-497B-A4DC-1EA669B34C61}.CD_ROM|Any CPU.ActiveCfg = Release|Any CPU
		{AB59AF69-2285-497B-A4DC-1EA669B34C61}.CD_ROM|Any CPU.Build.0 = Release|Any CPU
		{AB59AF69-2285-497B-A4DC-1EA669B34C61}.CD_ROM|x64.ActiveCfg = Release|Any CPU
		{AB59AF69-2285-497B-A4DC-1EA669B34C61}.CD_ROM|x64.Build.0 = Release|Any CPU
		{AB59AF69-2285-497B-A4DC-1EA669B34C61}.CD_ROM|x86.ActiveCfg = Release|Any CPU
		{AB59AF69-2285-497B-A4DC-1EA669B34C61}.CD_ROM|x86.Build.0 = Release|Any CPU
		{AB59AF69-2285-497B-A4DC-1EA669B34C61}.Debug|Any CPU.ActiveCfg = Debug|Any CPU
		{AB59AF69-2285-497B-A4DC-1EA669B34C61}.Debug|Any CPU.Build.0 = Debug|Any CPU
		{AB59AF69-2285-497B-A4DC-1EA669B34C61}.Debug|x64.ActiveCfg = Debug|Any CPU
		{AB59AF69-2285-497B-A4DC-1EA669B34C61}.Debug|x64.Build.0 = Debug|Any CPU
		{AB59AF69-2285-497B-A4DC-1EA669B34C61}.Debug|x86.ActiveCfg = Debug|Any CPU
		{AB59AF69-2285-497B-A4DC-1EA669B34C61}.Debug|x86.Build.0 = Debug|Any CPU
		{AB59AF69-2285-497B-A4DC-1EA669B34C61}.DVD-5|Any CPU.ActiveCfg = Debug|Any CPU
		{AB59AF69-2285-497B-A4DC-1EA669B34C61}.DVD-5|Any CPU.Build.0 = Debug|Any CPU
		{AB59AF69-2285-497B-A4DC-1EA669B34C61}.DVD-5|x64.ActiveCfg = Debug|Any CPU
		{AB59AF69-2285-497B-A4DC-1EA669B34C61}.DVD-5|x64.Build.0 = Debug|Any CPU
		{AB59AF69-2285-497B-A4DC-1EA669B34C61}.DVD-5|x86.ActiveCfg = Debug|Any CPU
		{AB59AF69-2285-497B-A4DC-1EA669B34C61}.DVD-5|x86.Build.0 = Debug|Any CPU
		{AB59AF69-2285-497B-A4DC-1EA669B34C61}.Release|Any CPU.ActiveCfg = Release|Any CPU
		{AB59AF69-2285-497B-A4DC-1EA669B34C61}.Release|Any CPU.Build.0 = Release|Any CPU
		{AB59AF69-2285-497B-A4DC-1EA669B34C61}.Release|x64.ActiveCfg = Release|Any CPU
		{AB59AF69-2285-497B-A4DC-1EA669B34C61}.Release|x64.Build.0 = Release|Any CPU
		{AB59AF69-2285-497B-A4DC-1EA669B34C61}.Release|x86.ActiveCfg = Release|Any CPU
		{AB59AF69-2285-497B-A4DC-1EA669B34C61}.Release|x86.Build.0 = Release|Any CPU
		{AB59AF69-2285-497B-A4DC-1EA669B34C61}.SingleImage|Any CPU.ActiveCfg = Release|Any CPU
		{AB59AF69-2285-497B-A4DC-1EA669B34C61}.SingleImage|Any CPU.Build.0 = Release|Any CPU
		{AB59AF69-2285-497B-A4DC-1EA669B34C61}.SingleImage|x64.ActiveCfg = Release|Any CPU
		{AB59AF69-2285-497B-A4DC-1EA669B34C61}.SingleImage|x64.Build.0 = Release|Any CPU
		{AB59AF69-2285-497B-A4DC-1EA669B34C61}.SingleImage|x86.ActiveCfg = Release|Any CPU
		{AB59AF69-2285-497B-A4DC-1EA669B34C61}.SingleImage|x86.Build.0 = Release|Any CPU
		{80F67817-5BF1-4542-B77B-9F29F739B360}.CD_ROM|Any CPU.ActiveCfg = Release|Any CPU
		{80F67817-5BF1-4542-B77B-9F29F739B360}.CD_ROM|Any CPU.Build.0 = Release|Any CPU
		{80F67817-5BF1-4542-B77B-9F29F739B360}.CD_ROM|x64.ActiveCfg = Release|Any CPU
		{80F67817-5BF1-4542-B77B-9F29F739B360}.CD_ROM|x64.Build.0 = Release|Any CPU
		{80F67817-5BF1-4542-B77B-9F29F739B360}.CD_ROM|x86.ActiveCfg = Release|Any CPU
		{80F67817-5BF1-4542-B77B-9F29F739B360}.CD_ROM|x86.Build.0 = Release|Any CPU
		{80F67817-5BF1-4542-B77B-9F29F739B360}.Debug|Any CPU.ActiveCfg = Debug|Any CPU
		{80F67817-5BF1-4542-B77B-9F29F739B360}.Debug|Any CPU.Build.0 = Debug|Any CPU
		{80F67817-5BF1-4542-B77B-9F29F739B360}.Debug|x64.ActiveCfg = Debug|Any CPU
		{80F67817-5BF1-4542-B77B-9F29F739B360}.Debug|x64.Build.0 = Debug|Any CPU
		{80F67817-5BF1-4542-B77B-9F29F739B360}.Debug|x86.ActiveCfg = Debug|Any CPU
		{80F67817-5BF1-4542-B77B-9F29F739B360}.Debug|x86.Build.0 = Debug|Any CPU
		{80F67817-5BF1-4542-B77B-9F29F739B360}.DVD-5|Any CPU.ActiveCfg = Debug|Any CPU
		{80F67817-5BF1-4542-B77B-9F29F739B360}.DVD-5|Any CPU.Build.0 = Debug|Any CPU
		{80F67817-5BF1-4542-B77B-9F29F739B360}.DVD-5|x64.ActiveCfg = Debug|Any CPU
		{80F67817-5BF1-4542-B77B-9F29F739B360}.DVD-5|x64.Build.0 = Debug|Any CPU
		{80F67817-5BF1-4542-B77B-9F29F739B360}.DVD-5|x86.ActiveCfg = Debug|Any CPU
		{80F67817-5BF1-4542-B77B-9F29F739B360}.DVD-5|x86.Build.0 = Debug|Any CPU
		{80F67817-5BF1-4542-B77B-9F29F739B360}.Release|Any CPU.ActiveCfg = Release|Any CPU
		{80F67817-5BF1-4542-B77B-9F29F739B360}.Release|Any CPU.Build.0 = Release|Any CPU
		{80F67817-5BF1-4542-B77B-9F29F739B360}.Release|x64.ActiveCfg = Release|Any CPU
		{80F67817-5BF1-4542-B77B-9F29F739B360}.Release|x64.Build.0 = Release|Any CPU
		{80F67817-5BF1-4542-B77B-9F29F739B360}.Release|x86.ActiveCfg = Release|Any CPU
		{80F67817-5BF1-4542-B77B-9F29F739B360}.Release|x86.Build.0 = Release|Any CPU
		{80F67817-5BF1-4542-B77B-9F29F739B360}.SingleImage|Any CPU.ActiveCfg = Release|Any CPU
		{80F67817-5BF1-4542-B77B-9F29F739B360}.SingleImage|Any CPU.Build.0 = Release|Any CPU
		{80F67817-5BF1-4542-B77B-9F29F739B360}.SingleImage|x64.ActiveCfg = Release|Any CPU
		{80F67817-5BF1-4542-B77B-9F29F739B360}.SingleImage|x64.Build.0 = Release|Any CPU
		{80F67817-5BF1-4542-B77B-9F29F739B360}.SingleImage|x86.ActiveCfg = Release|Any CPU
		{80F67817-5BF1-4542-B77B-9F29F739B360}.SingleImage|x86.Build.0 = Release|Any CPU
		{050EE5E6-526C-4195-881F-E50D0882FACA}.CD_ROM|Any CPU.ActiveCfg = Release|Any CPU
		{050EE5E6-526C-4195-881F-E50D0882FACA}.CD_ROM|Any CPU.Build.0 = Release|Any CPU
		{050EE5E6-526C-4195-881F-E50D0882FACA}.CD_ROM|x64.ActiveCfg = Release|Any CPU
		{050EE5E6-526C-4195-881F-E50D0882FACA}.CD_ROM|x64.Build.0 = Release|Any CPU
		{050EE5E6-526C-4195-881F-E50D0882FACA}.CD_ROM|x86.ActiveCfg = Release|Any CPU
		{050EE5E6-526C-4195-881F-E50D0882FACA}.CD_ROM|x86.Build.0 = Release|Any CPU
		{050EE5E6-526C-4195-881F-E50D0882FACA}.Debug|Any CPU.ActiveCfg = Debug|Any CPU
		{050EE5E6-526C-4195-881F-E50D0882FACA}.Debug|Any CPU.Build.0 = Debug|Any CPU
		{050EE5E6-526C-4195-881F-E50D0882FACA}.Debug|x64.ActiveCfg = Debug|Any CPU
		{050EE5E6-526C-4195-881F-E50D0882FACA}.Debug|x64.Build.0 = Debug|Any CPU
		{050EE5E6-526C-4195-881F-E50D0882FACA}.Debug|x86.ActiveCfg = Debug|Any CPU
		{050EE5E6-526C-4195-881F-E50D0882FACA}.Debug|x86.Build.0 = Debug|Any CPU
		{050EE5E6-526C-4195-881F-E50D0882FACA}.DVD-5|Any CPU.ActiveCfg = Debug|Any CPU
		{050EE5E6-526C-4195-881F-E50D0882FACA}.DVD-5|Any CPU.Build.0 = Debug|Any CPU
		{050EE5E6-526C-4195-881F-E50D0882FACA}.DVD-5|x64.ActiveCfg = Debug|Any CPU
		{050EE5E6-526C-4195-881F-E50D0882FACA}.DVD-5|x64.Build.0 = Debug|Any CPU
		{050EE5E6-526C-4195-881F-E50D0882FACA}.DVD-5|x86.ActiveCfg = Debug|Any CPU
		{050EE5E6-526C-4195-881F-E50D0882FACA}.DVD-5|x86.Build.0 = Debug|Any CPU
		{050EE5E6-526C-4195-881F-E50D0882FACA}.Release|Any CPU.ActiveCfg = Release|Any CPU
		{050EE5E6-526C-4195-881F-E50D0882FACA}.Release|Any CPU.Build.0 = Release|Any CPU
		{050EE5E6-526C-4195-881F-E50D0882FACA}.Release|x64.ActiveCfg = Release|Any CPU
		{050EE5E6-526C-4195-881F-E50D0882FACA}.Release|x64.Build.0 = Release|Any CPU
		{050EE5E6-526C-4195-881F-E50D0882FACA}.Release|x86.ActiveCfg = Release|Any CPU
		{050EE5E6-526C-4195-881F-E50D0882FACA}.Release|x86.Build.0 = Release|Any CPU
		{050EE5E6-526C-4195-881F-E50D0882FACA}.SingleImage|Any CPU.ActiveCfg = Release|Any CPU
		{050EE5E6-526C-4195-881F-E50D0882FACA}.SingleImage|Any CPU.Build.0 = Release|Any CPU
		{050EE5E6-526C-4195-881F-E50D0882FACA}.SingleImage|x64.ActiveCfg = Release|Any CPU
		{050EE5E6-526C-4195-881F-E50D0882FACA}.SingleImage|x64.Build.0 = Release|Any CPU
		{050EE5E6-526C-4195-881F-E50D0882FACA}.SingleImage|x86.ActiveCfg = Release|Any CPU
		{050EE5E6-526C-4195-881F-E50D0882FACA}.SingleImage|x86.Build.0 = Release|Any CPU
		{AD6DA6A6-29AC-4DE0-A007-CCB3A61FBFF7}.CD_ROM|Any CPU.ActiveCfg = Release|Any CPU
		{AD6DA6A6-29AC-4DE0-A007-CCB3A61FBFF7}.CD_ROM|Any CPU.Build.0 = Release|Any CPU
		{AD6DA6A6-29AC-4DE0-A007-CCB3A61FBFF7}.CD_ROM|x64.ActiveCfg = Release|Any CPU
		{AD6DA6A6-29AC-4DE0-A007-CCB3A61FBFF7}.CD_ROM|x64.Build.0 = Release|Any CPU
		{AD6DA6A6-29AC-4DE0-A007-CCB3A61FBFF7}.CD_ROM|x86.ActiveCfg = Release|Any CPU
		{AD6DA6A6-29AC-4DE0-A007-CCB3A61FBFF7}.CD_ROM|x86.Build.0 = Release|Any CPU
		{AD6DA6A6-29AC-4DE0-A007-CCB3A61FBFF7}.Debug|Any CPU.ActiveCfg = Debug|Any CPU
		{AD6DA6A6-29AC-4DE0-A007-CCB3A61FBFF7}.Debug|Any CPU.Build.0 = Debug|Any CPU
		{AD6DA6A6-29AC-4DE0-A007-CCB3A61FBFF7}.Debug|x64.ActiveCfg = Debug|Any CPU
		{AD6DA6A6-29AC-4DE0-A007-CCB3A61FBFF7}.Debug|x64.Build.0 = Debug|Any CPU
		{AD6DA6A6-29AC-4DE0-A007-CCB3A61FBFF7}.Debug|x86.ActiveCfg = Debug|Any CPU
		{AD6DA6A6-29AC-4DE0-A007-CCB3A61FBFF7}.Debug|x86.Build.0 = Debug|Any CPU
		{AD6DA6A6-29AC-4DE0-A007-CCB3A61FBFF7}.DVD-5|Any CPU.ActiveCfg = Debug|Any CPU
		{AD6DA6A6-29AC-4DE0-A007-CCB3A61FBFF7}.DVD-5|Any CPU.Build.0 = Debug|Any CPU
		{AD6DA6A6-29AC-4DE0-A007-CCB3A61FBFF7}.DVD-5|x64.ActiveCfg = Debug|Any CPU
		{AD6DA6A6-29AC-4DE0-A007-CCB3A61FBFF7}.DVD-5|x64.Build.0 = Debug|Any CPU
		{AD6DA6A6-29AC-4DE0-A007-CCB3A61FBFF7}.DVD-5|x86.ActiveCfg = Debug|Any CPU
		{AD6DA6A6-29AC-4DE0-A007-CCB3A61FBFF7}.DVD-5|x86.Build.0 = Debug|Any CPU
		{AD6DA6A6-29AC-4DE0-A007-CCB3A61FBFF7}.Release|Any CPU.ActiveCfg = Release|Any CPU
		{AD6DA6A6-29AC-4DE0-A007-CCB3A61FBFF7}.Release|Any CPU.Build.0 = Release|Any CPU
		{AD6DA6A6-29AC-4DE0-A007-CCB3A61FBFF7}.Release|x64.ActiveCfg = Release|Any CPU
		{AD6DA6A6-29AC-4DE0-A007-CCB3A61FBFF7}.Release|x64.Build.0 = Release|Any CPU
		{AD6DA6A6-29AC-4DE0-A007-CCB3A61FBFF7}.Release|x86.ActiveCfg = Release|Any CPU
		{AD6DA6A6-29AC-4DE0-A007-CCB3A61FBFF7}.Release|x86.Build.0 = Release|Any CPU
		{AD6DA6A6-29AC-4DE0-A007-CCB3A61FBFF7}.SingleImage|Any CPU.ActiveCfg = Release|Any CPU
		{AD6DA6A6-29AC-4DE0-A007-CCB3A61FBFF7}.SingleImage|Any CPU.Build.0 = Release|Any CPU
		{AD6DA6A6-29AC-4DE0-A007-CCB3A61FBFF7}.SingleImage|x64.ActiveCfg = Release|Any CPU
		{AD6DA6A6-29AC-4DE0-A007-CCB3A61FBFF7}.SingleImage|x64.Build.0 = Release|Any CPU
		{AD6DA6A6-29AC-4DE0-A007-CCB3A61FBFF7}.SingleImage|x86.ActiveCfg = Release|Any CPU
		{AD6DA6A6-29AC-4DE0-A007-CCB3A61FBFF7}.SingleImage|x86.Build.0 = Release|Any CPU
		{6287251B-D2C5-4A03-89F3-7DE1F9399D7A}.CD_ROM|Any CPU.ActiveCfg = Release|Any CPU
		{6287251B-D2C5-4A03-89F3-7DE1F9399D7A}.CD_ROM|Any CPU.Build.0 = Release|Any CPU
		{6287251B-D2C5-4A03-89F3-7DE1F9399D7A}.CD_ROM|x64.ActiveCfg = Release|Any CPU
		{6287251B-D2C5-4A03-89F3-7DE1F9399D7A}.CD_ROM|x64.Build.0 = Release|Any CPU
		{6287251B-D2C5-4A03-89F3-7DE1F9399D7A}.CD_ROM|x86.ActiveCfg = Release|Any CPU
		{6287251B-D2C5-4A03-89F3-7DE1F9399D7A}.CD_ROM|x86.Build.0 = Release|Any CPU
		{6287251B-D2C5-4A03-89F3-7DE1F9399D7A}.Debug|Any CPU.ActiveCfg = Debug|Any CPU
		{6287251B-D2C5-4A03-89F3-7DE1F9399D7A}.Debug|Any CPU.Build.0 = Debug|Any CPU
		{6287251B-D2C5-4A03-89F3-7DE1F9399D7A}.Debug|x64.ActiveCfg = Debug|Any CPU
		{6287251B-D2C5-4A03-89F3-7DE1F9399D7A}.Debug|x64.Build.0 = Debug|Any CPU
		{6287251B-D2C5-4A03-89F3-7DE1F9399D7A}.Debug|x86.ActiveCfg = Debug|Any CPU
		{6287251B-D2C5-4A03-89F3-7DE1F9399D7A}.Debug|x86.Build.0 = Debug|Any CPU
		{6287251B-D2C5-4A03-89F3-7DE1F9399D7A}.DVD-5|Any CPU.ActiveCfg = Debug|Any CPU
		{6287251B-D2C5-4A03-89F3-7DE1F9399D7A}.DVD-5|Any CPU.Build.0 = Debug|Any CPU
		{6287251B-D2C5-4A03-89F3-7DE1F9399D7A}.DVD-5|x64.ActiveCfg = Debug|Any CPU
		{6287251B-D2C5-4A03-89F3-7DE1F9399D7A}.DVD-5|x64.Build.0 = Debug|Any CPU
		{6287251B-D2C5-4A03-89F3-7DE1F9399D7A}.DVD-5|x86.ActiveCfg = Debug|Any CPU
		{6287251B-D2C5-4A03-89F3-7DE1F9399D7A}.DVD-5|x86.Build.0 = Debug|Any CPU
		{6287251B-D2C5-4A03-89F3-7DE1F9399D7A}.Release|Any CPU.ActiveCfg = Release|Any CPU
		{6287251B-D2C5-4A03-89F3-7DE1F9399D7A}.Release|Any CPU.Build.0 = Release|Any CPU
		{6287251B-D2C5-4A03-89F3-7DE1F9399D7A}.Release|x64.ActiveCfg = Release|Any CPU
		{6287251B-D2C5-4A03-89F3-7DE1F9399D7A}.Release|x64.Build.0 = Release|Any CPU
		{6287251B-D2C5-4A03-89F3-7DE1F9399D7A}.Release|x86.ActiveCfg = Release|Any CPU
		{6287251B-D2C5-4A03-89F3-7DE1F9399D7A}.Release|x86.Build.0 = Release|Any CPU
		{6287251B-D2C5-4A03-89F3-7DE1F9399D7A}.SingleImage|Any CPU.ActiveCfg = Release|Any CPU
		{6287251B-D2C5-4A03-89F3-7DE1F9399D7A}.SingleImage|Any CPU.Build.0 = Release|Any CPU
		{6287251B-D2C5-4A03-89F3-7DE1F9399D7A}.SingleImage|x64.ActiveCfg = Release|Any CPU
		{6287251B-D2C5-4A03-89F3-7DE1F9399D7A}.SingleImage|x64.Build.0 = Release|Any CPU
		{6287251B-D2C5-4A03-89F3-7DE1F9399D7A}.SingleImage|x86.ActiveCfg = Release|Any CPU
		{6287251B-D2C5-4A03-89F3-7DE1F9399D7A}.SingleImage|x86.Build.0 = Release|Any CPU
		{A0D2F2F0-83BD-45D5-9EE7-8E7F5DE02F2F}.CD_ROM|Any CPU.ActiveCfg = Release|Any CPU
		{A0D2F2F0-83BD-45D5-9EE7-8E7F5DE02F2F}.CD_ROM|Any CPU.Build.0 = Release|Any CPU
		{A0D2F2F0-83BD-45D5-9EE7-8E7F5DE02F2F}.CD_ROM|x64.ActiveCfg = Release|Any CPU
		{A0D2F2F0-83BD-45D5-9EE7-8E7F5DE02F2F}.CD_ROM|x64.Build.0 = Release|Any CPU
		{A0D2F2F0-83BD-45D5-9EE7-8E7F5DE02F2F}.CD_ROM|x86.ActiveCfg = Release|Any CPU
		{A0D2F2F0-83BD-45D5-9EE7-8E7F5DE02F2F}.CD_ROM|x86.Build.0 = Release|Any CPU
		{A0D2F2F0-83BD-45D5-9EE7-8E7F5DE02F2F}.Debug|Any CPU.ActiveCfg = Debug|Any CPU
		{A0D2F2F0-83BD-45D5-9EE7-8E7F5DE02F2F}.Debug|Any CPU.Build.0 = Debug|Any CPU
		{A0D2F2F0-83BD-45D5-9EE7-8E7F5DE02F2F}.Debug|x64.ActiveCfg = Debug|Any CPU
		{A0D2F2F0-83BD-45D5-9EE7-8E7F5DE02F2F}.Debug|x64.Build.0 = Debug|Any CPU
		{A0D2F2F0-83BD-45D5-9EE7-8E7F5DE02F2F}.Debug|x86.ActiveCfg = Debug|Any CPU
		{A0D2F2F0-83BD-45D5-9EE7-8E7F5DE02F2F}.Debug|x86.Build.0 = Debug|Any CPU
		{A0D2F2F0-83BD-45D5-9EE7-8E7F5DE02F2F}.DVD-5|Any CPU.ActiveCfg = Debug|Any CPU
		{A0D2F2F0-83BD-45D5-9EE7-8E7F5DE02F2F}.DVD-5|Any CPU.Build.0 = Debug|Any CPU
		{A0D2F2F0-83BD-45D5-9EE7-8E7F5DE02F2F}.DVD-5|x64.ActiveCfg = Debug|Any CPU
		{A0D2F2F0-83BD-45D5-9EE7-8E7F5DE02F2F}.DVD-5|x64.Build.0 = Debug|Any CPU
		{A0D2F2F0-83BD-45D5-9EE7-8E7F5DE02F2F}.DVD-5|x86.ActiveCfg = Debug|Any CPU
		{A0D2F2F0-83BD-45D5-9EE7-8E7F5DE02F2F}.DVD-5|x86.Build.0 = Debug|Any CPU
		{A0D2F2F0-83BD-45D5-9EE7-8E7F5DE02F2F}.Release|Any CPU.ActiveCfg = Release|Any CPU
		{A0D2F2F0-83BD-45D5-9EE7-8E7F5DE02F2F}.Release|Any CPU.Build.0 = Release|Any CPU
		{A0D2F2F0-83BD-45D5-9EE7-8E7F5DE02F2F}.Release|x64.ActiveCfg = Release|Any CPU
		{A0D2F2F0-83BD-45D5-9EE7-8E7F5DE02F2F}.Release|x64.Build.0 = Release|Any CPU
		{A0D2F2F0-83BD-45D5-9EE7-8E7F5DE02F2F}.Release|x86.ActiveCfg = Release|Any CPU
		{A0D2F2F0-83BD-45D5-9EE7-8E7F5DE02F2F}.Release|x86.Build.0 = Release|Any CPU
		{A0D2F2F0-83BD-45D5-9EE7-8E7F5DE02F2F}.SingleImage|Any CPU.ActiveCfg = Release|Any CPU
		{A0D2F2F0-83BD-45D5-9EE7-8E7F5DE02F2F}.SingleImage|Any CPU.Build.0 = Release|Any CPU
		{A0D2F2F0-83BD-45D5-9EE7-8E7F5DE02F2F}.SingleImage|x64.ActiveCfg = Release|Any CPU
		{A0D2F2F0-83BD-45D5-9EE7-8E7F5DE02F2F}.SingleImage|x64.Build.0 = Release|Any CPU
		{A0D2F2F0-83BD-45D5-9EE7-8E7F5DE02F2F}.SingleImage|x86.ActiveCfg = Release|Any CPU
		{A0D2F2F0-83BD-45D5-9EE7-8E7F5DE02F2F}.SingleImage|x86.Build.0 = Release|Any CPU
		{670338C8-3F09-4A93-9378-DBF3E99FA16B}.CD_ROM|Any CPU.ActiveCfg = Release|Any CPU
		{670338C8-3F09-4A93-9378-DBF3E99FA16B}.CD_ROM|Any CPU.Build.0 = Release|Any CPU
		{670338C8-3F09-4A93-9378-DBF3E99FA16B}.CD_ROM|x64.ActiveCfg = Release|Any CPU
		{670338C8-3F09-4A93-9378-DBF3E99FA16B}.CD_ROM|x64.Build.0 = Release|Any CPU
		{670338C8-3F09-4A93-9378-DBF3E99FA16B}.CD_ROM|x86.ActiveCfg = Release|Any CPU
		{670338C8-3F09-4A93-9378-DBF3E99FA16B}.CD_ROM|x86.Build.0 = Release|Any CPU
		{670338C8-3F09-4A93-9378-DBF3E99FA16B}.Debug|Any CPU.ActiveCfg = Debug|Any CPU
		{670338C8-3F09-4A93-9378-DBF3E99FA16B}.Debug|Any CPU.Build.0 = Debug|Any CPU
		{670338C8-3F09-4A93-9378-DBF3E99FA16B}.Debug|x64.ActiveCfg = Debug|Any CPU
		{670338C8-3F09-4A93-9378-DBF3E99FA16B}.Debug|x64.Build.0 = Debug|Any CPU
		{670338C8-3F09-4A93-9378-DBF3E99FA16B}.Debug|x86.ActiveCfg = Debug|Any CPU
		{670338C8-3F09-4A93-9378-DBF3E99FA16B}.Debug|x86.Build.0 = Debug|Any CPU
		{670338C8-3F09-4A93-9378-DBF3E99FA16B}.DVD-5|Any CPU.ActiveCfg = Debug|Any CPU
		{670338C8-3F09-4A93-9378-DBF3E99FA16B}.DVD-5|Any CPU.Build.0 = Debug|Any CPU
		{670338C8-3F09-4A93-9378-DBF3E99FA16B}.DVD-5|x64.ActiveCfg = Debug|Any CPU
		{670338C8-3F09-4A93-9378-DBF3E99FA16B}.DVD-5|x64.Build.0 = Debug|Any CPU
		{670338C8-3F09-4A93-9378-DBF3E99FA16B}.DVD-5|x86.ActiveCfg = Debug|Any CPU
		{670338C8-3F09-4A93-9378-DBF3E99FA16B}.DVD-5|x86.Build.0 = Debug|Any CPU
		{670338C8-3F09-4A93-9378-DBF3E99FA16B}.Release|Any CPU.ActiveCfg = Release|Any CPU
		{670338C8-3F09-4A93-9378-DBF3E99FA16B}.Release|Any CPU.Build.0 = Release|Any CPU
		{670338C8-3F09-4A93-9378-DBF3E99FA16B}.Release|x64.ActiveCfg = Release|Any CPU
		{670338C8-3F09-4A93-9378-DBF3E99FA16B}.Release|x64.Build.0 = Release|Any CPU
		{670338C8-3F09-4A93-9378-DBF3E99FA16B}.Release|x86.ActiveCfg = Release|Any CPU
		{670338C8-3F09-4A93-9378-DBF3E99FA16B}.Release|x86.Build.0 = Release|Any CPU
		{670338C8-3F09-4A93-9378-DBF3E99FA16B}.SingleImage|Any CPU.ActiveCfg = Release|Any CPU
		{670338C8-3F09-4A93-9378-DBF3E99FA16B}.SingleImage|Any CPU.Build.0 = Release|Any CPU
		{670338C8-3F09-4A93-9378-DBF3E99FA16B}.SingleImage|x64.ActiveCfg = Release|Any CPU
		{670338C8-3F09-4A93-9378-DBF3E99FA16B}.SingleImage|x64.Build.0 = Release|Any CPU
		{670338C8-3F09-4A93-9378-DBF3E99FA16B}.SingleImage|x86.ActiveCfg = Release|Any CPU
		{670338C8-3F09-4A93-9378-DBF3E99FA16B}.SingleImage|x86.Build.0 = Release|Any CPU
		{512FA363-0490-4DA4-B422-C5ADB4DFCEB2}.CD_ROM|Any CPU.ActiveCfg = Release|x64
		{512FA363-0490-4DA4-B422-C5ADB4DFCEB2}.CD_ROM|Any CPU.Build.0 = Release|x64
		{512FA363-0490-4DA4-B422-C5ADB4DFCEB2}.CD_ROM|x64.ActiveCfg = Release|x64
		{512FA363-0490-4DA4-B422-C5ADB4DFCEB2}.CD_ROM|x64.Build.0 = Release|x64
		{512FA363-0490-4DA4-B422-C5ADB4DFCEB2}.CD_ROM|x86.ActiveCfg = Release|Win32
		{512FA363-0490-4DA4-B422-C5ADB4DFCEB2}.CD_ROM|x86.Build.0 = Release|Win32
		{512FA363-0490-4DA4-B422-C5ADB4DFCEB2}.Debug|Any CPU.ActiveCfg = Debug|Win32
		{512FA363-0490-4DA4-B422-C5ADB4DFCEB2}.Debug|x64.ActiveCfg = Debug|x64
		{512FA363-0490-4DA4-B422-C5ADB4DFCEB2}.Debug|x64.Build.0 = Debug|x64
		{512FA363-0490-4DA4-B422-C5ADB4DFCEB2}.Debug|x86.ActiveCfg = Debug|Win32
		{512FA363-0490-4DA4-B422-C5ADB4DFCEB2}.Debug|x86.Build.0 = Debug|Win32
		{512FA363-0490-4DA4-B422-C5ADB4DFCEB2}.DVD-5|Any CPU.ActiveCfg = Release|x64
		{512FA363-0490-4DA4-B422-C5ADB4DFCEB2}.DVD-5|Any CPU.Build.0 = Release|x64
		{512FA363-0490-4DA4-B422-C5ADB4DFCEB2}.DVD-5|x64.ActiveCfg = Debug|x64
		{512FA363-0490-4DA4-B422-C5ADB4DFCEB2}.DVD-5|x64.Build.0 = Debug|x64
		{512FA363-0490-4DA4-B422-C5ADB4DFCEB2}.DVD-5|x86.ActiveCfg = Debug|Win32
		{512FA363-0490-4DA4-B422-C5ADB4DFCEB2}.DVD-5|x86.Build.0 = Debug|Win32
		{512FA363-0490-4DA4-B422-C5ADB4DFCEB2}.Release|Any CPU.ActiveCfg = Release|Win32
		{512FA363-0490-4DA4-B422-C5ADB4DFCEB2}.Release|x64.ActiveCfg = Release|x64
		{512FA363-0490-4DA4-B422-C5ADB4DFCEB2}.Release|x64.Build.0 = Release|x64
		{512FA363-0490-4DA4-B422-C5ADB4DFCEB2}.Release|x86.ActiveCfg = Release|Win32
		{512FA363-0490-4DA4-B422-C5ADB4DFCEB2}.Release|x86.Build.0 = Release|Win32
		{512FA363-0490-4DA4-B422-C5ADB4DFCEB2}.SingleImage|Any CPU.ActiveCfg = Release|x64
		{512FA363-0490-4DA4-B422-C5ADB4DFCEB2}.SingleImage|Any CPU.Build.0 = Release|x64
		{512FA363-0490-4DA4-B422-C5ADB4DFCEB2}.SingleImage|x64.ActiveCfg = Release|x64
		{512FA363-0490-4DA4-B422-C5ADB4DFCEB2}.SingleImage|x64.Build.0 = Release|x64
		{512FA363-0490-4DA4-B422-C5ADB4DFCEB2}.SingleImage|x86.ActiveCfg = Release|Win32
		{512FA363-0490-4DA4-B422-C5ADB4DFCEB2}.SingleImage|x86.Build.0 = Release|Win32
		{921AB1BA-C2FE-437D-820C-8481425577F2}.CD_ROM|Any CPU.ActiveCfg = Release|x64
		{921AB1BA-C2FE-437D-820C-8481425577F2}.CD_ROM|Any CPU.Build.0 = Release|x64
		{921AB1BA-C2FE-437D-820C-8481425577F2}.CD_ROM|x64.ActiveCfg = Release|x64
		{921AB1BA-C2FE-437D-820C-8481425577F2}.CD_ROM|x64.Build.0 = Release|x64
		{921AB1BA-C2FE-437D-820C-8481425577F2}.CD_ROM|x86.ActiveCfg = Release|Win32
		{921AB1BA-C2FE-437D-820C-8481425577F2}.CD_ROM|x86.Build.0 = Release|Win32
		{921AB1BA-C2FE-437D-820C-8481425577F2}.Debug|Any CPU.ActiveCfg = Release|Win32
		{921AB1BA-C2FE-437D-820C-8481425577F2}.Debug|x64.ActiveCfg = Debug|x64
		{921AB1BA-C2FE-437D-820C-8481425577F2}.Debug|x64.Build.0 = Debug|x64
		{921AB1BA-C2FE-437D-820C-8481425577F2}.Debug|x86.ActiveCfg = Debug|Win32
		{921AB1BA-C2FE-437D-820C-8481425577F2}.Debug|x86.Build.0 = Debug|Win32
		{921AB1BA-C2FE-437D-820C-8481425577F2}.DVD-5|Any CPU.ActiveCfg = Release|x64
		{921AB1BA-C2FE-437D-820C-8481425577F2}.DVD-5|Any CPU.Build.0 = Release|x64
		{921AB1BA-C2FE-437D-820C-8481425577F2}.DVD-5|x64.ActiveCfg = Debug|x64
		{921AB1BA-C2FE-437D-820C-8481425577F2}.DVD-5|x64.Build.0 = Debug|x64
		{921AB1BA-C2FE-437D-820C-8481425577F2}.DVD-5|x86.ActiveCfg = Debug|Win32
		{921AB1BA-C2FE-437D-820C-8481425577F2}.DVD-5|x86.Build.0 = Debug|Win32
		{921AB1BA-C2FE-437D-820C-8481425577F2}.Release|Any CPU.ActiveCfg = Release|Win32
		{921AB1BA-C2FE-437D-820C-8481425577F2}.Release|x64.ActiveCfg = Release|x64
		{921AB1BA-C2FE-437D-820C-8481425577F2}.Release|x64.Build.0 = Release|x64
		{921AB1BA-C2FE-437D-820C-8481425577F2}.Release|x86.ActiveCfg = Release|Win32
		{921AB1BA-C2FE-437D-820C-8481425577F2}.Release|x86.Build.0 = Release|Win32
		{921AB1BA-C2FE-437D-820C-8481425577F2}.SingleImage|Any CPU.ActiveCfg = Release|x64
		{921AB1BA-C2FE-437D-820C-8481425577F2}.SingleImage|Any CPU.Build.0 = Release|x64
		{921AB1BA-C2FE-437D-820C-8481425577F2}.SingleImage|x64.ActiveCfg = Release|x64
		{921AB1BA-C2FE-437D-820C-8481425577F2}.SingleImage|x64.Build.0 = Release|x64
		{921AB1BA-C2FE-437D-820C-8481425577F2}.SingleImage|x86.ActiveCfg = Release|Win32
		{921AB1BA-C2FE-437D-820C-8481425577F2}.SingleImage|x86.Build.0 = Release|Win32
		{E05E1D4D-5980-454C-BAE0-2F6845AF643B}.CD_ROM|Any CPU.ActiveCfg = Release|x64
		{E05E1D4D-5980-454C-BAE0-2F6845AF643B}.CD_ROM|Any CPU.Build.0 = Release|x64
		{E05E1D4D-5980-454C-BAE0-2F6845AF643B}.CD_ROM|x64.ActiveCfg = Release|x64
		{E05E1D4D-5980-454C-BAE0-2F6845AF643B}.CD_ROM|x64.Build.0 = Release|x64
		{E05E1D4D-5980-454C-BAE0-2F6845AF643B}.CD_ROM|x86.ActiveCfg = Release|Win32
		{E05E1D4D-5980-454C-BAE0-2F6845AF643B}.CD_ROM|x86.Build.0 = Release|Win32
		{E05E1D4D-5980-454C-BAE0-2F6845AF643B}.Debug|Any CPU.ActiveCfg = Debug|Win32
		{E05E1D4D-5980-454C-BAE0-2F6845AF643B}.Debug|x64.ActiveCfg = Debug|x64
		{E05E1D4D-5980-454C-BAE0-2F6845AF643B}.Debug|x64.Build.0 = Debug|x64
		{E05E1D4D-5980-454C-BAE0-2F6845AF643B}.Debug|x86.ActiveCfg = Debug|Win32
		{E05E1D4D-5980-454C-BAE0-2F6845AF643B}.Debug|x86.Build.0 = Debug|Win32
		{E05E1D4D-5980-454C-BAE0-2F6845AF643B}.DVD-5|Any CPU.ActiveCfg = Release|x64
		{E05E1D4D-5980-454C-BAE0-2F6845AF643B}.DVD-5|Any CPU.Build.0 = Release|x64
		{E05E1D4D-5980-454C-BAE0-2F6845AF643B}.DVD-5|x64.ActiveCfg = Debug|x64
		{E05E1D4D-5980-454C-BAE0-2F6845AF643B}.DVD-5|x64.Build.0 = Debug|x64
		{E05E1D4D-5980-454C-BAE0-2F6845AF643B}.DVD-5|x86.ActiveCfg = Debug|Win32
		{E05E1D4D-5980-454C-BAE0-2F6845AF643B}.DVD-5|x86.Build.0 = Debug|Win32
		{E05E1D4D-5980-454C-BAE0-2F6845AF643B}.Release|Any CPU.ActiveCfg = Release|Win32
		{E05E1D4D-5980-454C-BAE0-2F6845AF643B}.Release|x64.ActiveCfg = Release|x64
		{E05E1D4D-5980-454C-BAE0-2F6845AF643B}.Release|x64.Build.0 = Release|x64
		{E05E1D4D-5980-454C-BAE0-2F6845AF643B}.Release|x86.ActiveCfg = Release|Win32
		{E05E1D4D-5980-454C-BAE0-2F6845AF643B}.Release|x86.Build.0 = Release|Win32
		{E05E1D4D-5980-454C-BAE0-2F6845AF643B}.SingleImage|Any CPU.ActiveCfg = Release|x64
		{E05E1D4D-5980-454C-BAE0-2F6845AF643B}.SingleImage|Any CPU.Build.0 = Release|x64
		{E05E1D4D-5980-454C-BAE0-2F6845AF643B}.SingleImage|x64.ActiveCfg = Release|x64
		{E05E1D4D-5980-454C-BAE0-2F6845AF643B}.SingleImage|x64.Build.0 = Release|x64
		{E05E1D4D-5980-454C-BAE0-2F6845AF643B}.SingleImage|x86.ActiveCfg = Release|Win32
		{E05E1D4D-5980-454C-BAE0-2F6845AF643B}.SingleImage|x86.Build.0 = Release|Win32
		{42C3A445-0DD2-47A8-921C-921B65D81D50}.CD_ROM|Any CPU.ActiveCfg = Release|Any CPU
		{42C3A445-0DD2-47A8-921C-921B65D81D50}.CD_ROM|Any CPU.Build.0 = Release|Any CPU
		{42C3A445-0DD2-47A8-921C-921B65D81D50}.CD_ROM|x64.ActiveCfg = Release|Any CPU
		{42C3A445-0DD2-47A8-921C-921B65D81D50}.CD_ROM|x64.Build.0 = Release|Any CPU
		{42C3A445-0DD2-47A8-921C-921B65D81D50}.CD_ROM|x86.ActiveCfg = Release|Any CPU
		{42C3A445-0DD2-47A8-921C-921B65D81D50}.CD_ROM|x86.Build.0 = Release|Any CPU
		{42C3A445-0DD2-47A8-921C-921B65D81D50}.Debug|Any CPU.ActiveCfg = Debug|Any CPU
		{42C3A445-0DD2-47A8-921C-921B65D81D50}.Debug|Any CPU.Build.0 = Debug|Any CPU
		{42C3A445-0DD2-47A8-921C-921B65D81D50}.Debug|x64.ActiveCfg = Debug|Any CPU
		{42C3A445-0DD2-47A8-921C-921B65D81D50}.Debug|x64.Build.0 = Debug|Any CPU
		{42C3A445-0DD2-47A8-921C-921B65D81D50}.Debug|x86.ActiveCfg = Debug|Any CPU
		{42C3A445-0DD2-47A8-921C-921B65D81D50}.Debug|x86.Build.0 = Debug|Any CPU
		{42C3A445-0DD2-47A8-921C-921B65D81D50}.DVD-5|Any CPU.ActiveCfg = Debug|Any CPU
		{42C3A445-0DD2-47A8-921C-921B65D81D50}.DVD-5|Any CPU.Build.0 = Debug|Any CPU
		{42C3A445-0DD2-47A8-921C-921B65D81D50}.DVD-5|x64.ActiveCfg = Debug|Any CPU
		{42C3A445-0DD2-47A8-921C-921B65D81D50}.DVD-5|x64.Build.0 = Debug|Any CPU
		{42C3A445-0DD2-47A8-921C-921B65D81D50}.DVD-5|x86.ActiveCfg = Debug|Any CPU
		{42C3A445-0DD2-47A8-921C-921B65D81D50}.DVD-5|x86.Build.0 = Debug|Any CPU
		{42C3A445-0DD2-47A8-921C-921B65D81D50}.Release|Any CPU.ActiveCfg = Release|Any CPU
		{42C3A445-0DD2-47A8-921C-921B65D81D50}.Release|Any CPU.Build.0 = Release|Any CPU
		{42C3A445-0DD2-47A8-921C-921B65D81D50}.Release|x64.ActiveCfg = Release|Any CPU
		{42C3A445-0DD2-47A8-921C-921B65D81D50}.Release|x64.Build.0 = Release|Any CPU
		{42C3A445-0DD2-47A8-921C-921B65D81D50}.Release|x86.ActiveCfg = Release|Any CPU
		{42C3A445-0DD2-47A8-921C-921B65D81D50}.Release|x86.Build.0 = Release|Any CPU
		{42C3A445-0DD2-47A8-921C-921B65D81D50}.SingleImage|Any CPU.ActiveCfg = Release|Any CPU
		{42C3A445-0DD2-47A8-921C-921B65D81D50}.SingleImage|Any CPU.Build.0 = Release|Any CPU
		{42C3A445-0DD2-47A8-921C-921B65D81D50}.SingleImage|x64.ActiveCfg = Release|Any CPU
		{42C3A445-0DD2-47A8-921C-921B65D81D50}.SingleImage|x64.Build.0 = Release|Any CPU
		{42C3A445-0DD2-47A8-921C-921B65D81D50}.SingleImage|x86.ActiveCfg = Release|Any CPU
		{42C3A445-0DD2-47A8-921C-921B65D81D50}.SingleImage|x86.Build.0 = Release|Any CPU
	EndGlobalSection
	GlobalSection(SolutionProperties) = preSolution
		HideSolutionNode = FALSE
	EndGlobalSection
	GlobalSection(NestedProjects) = preSolution
		{EAE16711-1475-4644-BE49-E30E28DA6ED0} = {0853135E-B106-4992-AD60-6873CD1ECA67}
		{AB59AF69-2285-497B-A4DC-1EA669B34C61} = {5F907660-4966-4ECD-81EA-43423C0178E5}
		{80F67817-5BF1-4542-B77B-9F29F739B360} = {0853135E-B106-4992-AD60-6873CD1ECA67}
		{670338C8-3F09-4A93-9378-DBF3E99FA16B} = {5F907660-4966-4ECD-81EA-43423C0178E5}
		{512FA363-0490-4DA4-B422-C5ADB4DFCEB2} = {0853135E-B106-4992-AD60-6873CD1ECA67}
		{921AB1BA-C2FE-437D-820C-8481425577F2} = {0853135E-B106-4992-AD60-6873CD1ECA67}
		{E05E1D4D-5980-454C-BAE0-2F6845AF643B} = {5F907660-4966-4ECD-81EA-43423C0178E5}
	EndGlobalSection
	GlobalSection(ExtensibilityGlobals) = postSolution
		SolutionGuid = {08984979-1B3A-4248-83D9-7F5EE0800896}
	EndGlobalSection
EndGlobal
