
Microsoft Visual Studio Solution File, Format Version 12.00
# Visual Studio 15
VisualStudioVersion = 15.0.27130.2027
MinimumVisualStudioVersion = 10.0.40219.1
Project("{2150E333-8FDC-42A3-9474-1A3956D46DE8}") = "Singularity.Entites", "Singularity.Entites", "{0853135E-B106-4992-AD60-6873CD1ECA67}"
EndProject
Project("{FAE04EC0-301F-11D3-BF4B-00C04F79EFBC}") = "CDFC.Parse", "CDFC.Parse\CDFC.Parse.csproj", "{EE637D4B-27E6-457C-AF39-1293F47AA966}"
EndProject
Project("{2150E333-8FDC-42A3-9474-1A3956D46DE8}") = "Singularity.UI", "Singularity.UI", "{303607D9-322B-4C13-9E0D-49D5A6051797}"
EndProject
Project("{FAE04EC0-301F-11D3-BF4B-00C04F79EFBC}") = "SingularityForensic", "SingularityForensic\SingularityForensic.csproj", "{ADDFFD58-E151-4487-A825-4DB19E4FC0B9}"
EndProject
Project("{FAE04EC0-301F-11D3-BF4B-00C04F79EFBC}") = "DllInvoker", "DllInvoker\DllInvoker.csproj", "{B87454E1-0DA8-475A-806F-5ED3B2D71E73}"
EndProject
Project("{8BC9CEB8-8B4A-11D0-8D11-00A0C91BC942}") = "DirectOutIn", "DirectOutIn\DirectOutIn.vcxproj", "{EAE16711-1475-4644-BE49-E30E28DA6ED0}"
EndProject
Project("{FAE04EC0-301F-11D3-BF4B-00C04F79EFBC}") = "SingularityUpdater", "SingularityUpdater\SingularityUpdater.csproj", "{CEA7ED9E-555F-4C9B-8D8B-A1A708FEEA89}"
EndProject
Project("{2150E333-8FDC-42A3-9474-1A3956D46DE8}") = "Singualarity.Tests", "Singualarity.Tests", "{5F907660-4966-4ECD-81EA-43423C0178E5}"
EndProject
Project("{FAE04EC0-301F-11D3-BF4B-00C04F79EFBC}") = "AdbViewer.Test", "AdbViewer.Test\AdbViewer.Test.csproj", "{0F6BD018-4FE4-4349-8F91-C2EAE1FD80F3}"
EndProject
Project("{FAE04EC0-301F-11D3-BF4B-00C04F79EFBC}") = "AndroidInfo.Tests", "AndroidInfo.Tests\AndroidInfo.Tests.csproj", "{88CF6DEC-4FA8-45AF-A875-C8A2C4EE003C}"
EndProject
Project("{FAE04EC0-301F-11D3-BF4B-00C04F79EFBC}") = "ITunes.Test", "ITunes.Test\ITunes.Test.csproj", "{65C47942-85C7-4E87-92BC-8B51B700C850}"
EndProject
Project("{FAE04EC0-301F-11D3-BF4B-00C04F79EFBC}") = "CommonTest", "CommonTest\CommonTest.csproj", "{670338C8-3F09-4A93-9378-DBF3E99FA16B}"
EndProject
Project("{FAE04EC0-301F-11D3-BF4B-00C04F79EFBC}") = "DemoUI", "DemoUI\DemoUI.csproj", "{AB59AF69-2285-497B-A4DC-1EA669B34C61}"
EndProject
Project("{FAE04EC0-301F-11D3-BF4B-00C04F79EFBC}") = "Cflab.DataTransport", "Cflab.DataTransport\Cflab.DataTransport.csproj", "{80F67817-5BF1-4542-B77B-9F29F739B360}"
EndProject
Project("{FAE04EC0-301F-11D3-BF4B-00C04F79EFBC}") = "SingularityParser", "SingularityParser\SingularityParser.csproj", "{050EE5E6-526C-4195-881F-E50D0882FACA}"
EndProject
Project("{FAE04EC0-301F-11D3-BF4B-00C04F79EFBC}") = "SingularityForensic.Controls", "SingularityForensic.Controls\SingularityForensic.Controls.csproj", "{8A63F7A1-6895-4846-9BB5-5F5693D06B7E}"
EndProject
Project("{FAE04EC0-301F-11D3-BF4B-00C04F79EFBC}") = "SingularityForensic.Android", "SingularityForensic.Android\SingularityForensic.Android.csproj", "{98D376F1-121C-464C-8E94-716A131FFC21}"
EndProject
Project("{FAE04EC0-301F-11D3-BF4B-00C04F79EFBC}") = "SingularityForensic.Contracts", "SingularityForensic.Contracts\SingularityForensic.Contracts.csproj", "{AD6DA6A6-29AC-4DE0-A007-CCB3A61FBFF7}"
EndProject
Project("{FAE04EC0-301F-11D3-BF4B-00C04F79EFBC}") = "SingularityForensic.Info", "SingularityForensic.Info\SingularityForensic.Info.csproj", "{6287251B-D2C5-4A03-89F3-7DE1F9399D7A}"
EndProject
Project("{FAE04EC0-301F-11D3-BF4B-00C04F79EFBC}") = "SingularityShell", "SingularityShell\SingularityShell.csproj", "{A0D2F2F0-83BD-45D5-9EE7-8E7F5DE02F2F}"
EndProject
Project("{FAE04EC0-301F-11D3-BF4B-00C04F79EFBC}") = "CDFC.Parse.Modules", "CDFC.Parse.Modules\CDFC.Parse.Modules.csproj", "{07563C49-6584-4631-8746-D055BC7E3CA6}"
EndProject
Global
	GlobalSection(SolutionConfigurationPlatforms) = preSolution
		CD_ROM|Any CPU = CD_ROM|Any CPU
		CD_ROM|x64 = CD_ROM|x64
		CD_ROM|x86 = CD_ROM|x86
		Debug|Any CPU = Debug|Any CPU
		Debug|x64 = Debug|x64
		Debug|x86 = Debug|x86
		DVD-5|Any CPU = DVD-5|Any CPU
		DVD-5|x64 = DVD-5|x64
		DVD-5|x86 = DVD-5|x86
		Release|Any CPU = Release|Any CPU
		Release|x64 = Release|x64
		Release|x86 = Release|x86
		SingleImage|Any CPU = SingleImage|Any CPU
		SingleImage|x64 = SingleImage|x64
		SingleImage|x86 = SingleImage|x86
	EndGlobalSection
	GlobalSection(ProjectConfigurationPlatforms) = postSolution
		{EE637D4B-27E6-457C-AF39-1293F47AA966}.CD_ROM|Any CPU.ActiveCfg = Release|Any CPU
		{EE637D4B-27E6-457C-AF39-1293F47AA966}.CD_ROM|Any CPU.Build.0 = Release|Any CPU
		{EE637D4B-27E6-457C-AF39-1293F47AA966}.CD_ROM|x64.ActiveCfg = Debug|Any CPU
		{EE637D4B-27E6-457C-AF39-1293F47AA966}.CD_ROM|x64.Build.0 = Debug|Any CPU
		{EE637D4B-27E6-457C-AF39-1293F47AA966}.CD_ROM|x86.ActiveCfg = Debug|Any CPU
		{EE637D4B-27E6-457C-AF39-1293F47AA966}.CD_ROM|x86.Build.0 = Debug|Any CPU
		{EE637D4B-27E6-457C-AF39-1293F47AA966}.Debug|Any CPU.ActiveCfg = Debug|Any CPU
		{EE637D4B-27E6-457C-AF39-1293F47AA966}.Debug|Any CPU.Build.0 = Debug|Any CPU
		{EE637D4B-27E6-457C-AF39-1293F47AA966}.Debug|x64.ActiveCfg = Debug|Any CPU
		{EE637D4B-27E6-457C-AF39-1293F47AA966}.Debug|x64.Build.0 = Debug|Any CPU
		{EE637D4B-27E6-457C-AF39-1293F47AA966}.Debug|x86.ActiveCfg = Debug|Any CPU
		{EE637D4B-27E6-457C-AF39-1293F47AA966}.Debug|x86.Build.0 = Debug|Any CPU
		{EE637D4B-27E6-457C-AF39-1293F47AA966}.DVD-5|Any CPU.ActiveCfg = Debug|Any CPU
		{EE637D4B-27E6-457C-AF39-1293F47AA966}.DVD-5|Any CPU.Build.0 = Debug|Any CPU
		{EE637D4B-27E6-457C-AF39-1293F47AA966}.DVD-5|x64.ActiveCfg = Debug|Any CPU
		{EE637D4B-27E6-457C-AF39-1293F47AA966}.DVD-5|x64.Build.0 = Debug|Any CPU
		{EE637D4B-27E6-457C-AF39-1293F47AA966}.DVD-5|x86.ActiveCfg = Debug|Any CPU
		{EE637D4B-27E6-457C-AF39-1293F47AA966}.DVD-5|x86.Build.0 = Debug|Any CPU
		{EE637D4B-27E6-457C-AF39-1293F47AA966}.Release|Any CPU.ActiveCfg = Release|Any CPU
		{EE637D4B-27E6-457C-AF39-1293F47AA966}.Release|Any CPU.Build.0 = Release|Any CPU
		{EE637D4B-27E6-457C-AF39-1293F47AA966}.Release|x64.ActiveCfg = Release|Any CPU
		{EE637D4B-27E6-457C-AF39-1293F47AA966}.Release|x64.Build.0 = Release|Any CPU
		{EE637D4B-27E6-457C-AF39-1293F47AA966}.Release|x86.ActiveCfg = Release|Any CPU
		{EE637D4B-27E6-457C-AF39-1293F47AA966}.Release|x86.Build.0 = Release|Any CPU
		{EE637D4B-27E6-457C-AF39-1293F47AA966}.SingleImage|Any CPU.ActiveCfg = Release|Any CPU
		{EE637D4B-27E6-457C-AF39-1293F47AA966}.SingleImage|Any CPU.Build.0 = Release|Any CPU
		{EE637D4B-27E6-457C-AF39-1293F47AA966}.SingleImage|x64.ActiveCfg = Debug|Any CPU
		{EE637D4B-27E6-457C-AF39-1293F47AA966}.SingleImage|x64.Build.0 = Debug|Any CPU
		{EE637D4B-27E6-457C-AF39-1293F47AA966}.SingleImage|x86.ActiveCfg = Debug|Any CPU
		{EE637D4B-27E6-457C-AF39-1293F47AA966}.SingleImage|x86.Build.0 = Debug|Any CPU
		{ADDFFD58-E151-4487-A825-4DB19E4FC0B9}.CD_ROM|Any CPU.ActiveCfg = Release|Any CPU
		{ADDFFD58-E151-4487-A825-4DB19E4FC0B9}.CD_ROM|Any CPU.Build.0 = Release|Any CPU
		{ADDFFD58-E151-4487-A825-4DB19E4FC0B9}.CD_ROM|x64.ActiveCfg = Debug|Any CPU
		{ADDFFD58-E151-4487-A825-4DB19E4FC0B9}.CD_ROM|x64.Build.0 = Debug|Any CPU
		{ADDFFD58-E151-4487-A825-4DB19E4FC0B9}.CD_ROM|x86.ActiveCfg = Debug|Any CPU
		{ADDFFD58-E151-4487-A825-4DB19E4FC0B9}.CD_ROM|x86.Build.0 = Debug|Any CPU
		{ADDFFD58-E151-4487-A825-4DB19E4FC0B9}.Debug|Any CPU.ActiveCfg = Debug|Any CPU
		{ADDFFD58-E151-4487-A825-4DB19E4FC0B9}.Debug|Any CPU.Build.0 = Debug|Any CPU
		{ADDFFD58-E151-4487-A825-4DB19E4FC0B9}.Debug|x64.ActiveCfg = Debug|Any CPU
		{ADDFFD58-E151-4487-A825-4DB19E4FC0B9}.Debug|x64.Build.0 = Debug|Any CPU
		{ADDFFD58-E151-4487-A825-4DB19E4FC0B9}.Debug|x86.ActiveCfg = Debug|Any CPU
		{ADDFFD58-E151-4487-A825-4DB19E4FC0B9}.Debug|x86.Build.0 = Debug|Any CPU
		{ADDFFD58-E151-4487-A825-4DB19E4FC0B9}.DVD-5|Any CPU.ActiveCfg = Debug|Any CPU
		{ADDFFD58-E151-4487-A825-4DB19E4FC0B9}.DVD-5|Any CPU.Build.0 = Debug|Any CPU
		{ADDFFD58-E151-4487-A825-4DB19E4FC0B9}.DVD-5|x64.ActiveCfg = Debug|Any CPU
		{ADDFFD58-E151-4487-A825-4DB19E4FC0B9}.DVD-5|x64.Build.0 = Debug|Any CPU
		{ADDFFD58-E151-4487-A825-4DB19E4FC0B9}.DVD-5|x86.ActiveCfg = Debug|Any CPU
		{ADDFFD58-E151-4487-A825-4DB19E4FC0B9}.DVD-5|x86.Build.0 = Debug|Any CPU
		{ADDFFD58-E151-4487-A825-4DB19E4FC0B9}.Release|Any CPU.ActiveCfg = Release|Any CPU
		{ADDFFD58-E151-4487-A825-4DB19E4FC0B9}.Release|Any CPU.Build.0 = Release|Any CPU
		{ADDFFD58-E151-4487-A825-4DB19E4FC0B9}.Release|x64.ActiveCfg = Release|Any CPU
		{ADDFFD58-E151-4487-A825-4DB19E4FC0B9}.Release|x64.Build.0 = Release|Any CPU
		{ADDFFD58-E151-4487-A825-4DB19E4FC0B9}.Release|x86.ActiveCfg = Release|Any CPU
		{ADDFFD58-E151-4487-A825-4DB19E4FC0B9}.Release|x86.Build.0 = Release|Any CPU
		{ADDFFD58-E151-4487-A825-4DB19E4FC0B9}.SingleImage|Any CPU.ActiveCfg = Release|Any CPU
		{ADDFFD58-E151-4487-A825-4DB19E4FC0B9}.SingleImage|Any CPU.Build.0 = Release|Any CPU
		{ADDFFD58-E151-4487-A825-4DB19E4FC0B9}.SingleImage|x64.ActiveCfg = Debug|Any CPU
		{ADDFFD58-E151-4487-A825-4DB19E4FC0B9}.SingleImage|x64.Build.0 = Debug|Any CPU
		{ADDFFD58-E151-4487-A825-4DB19E4FC0B9}.SingleImage|x86.ActiveCfg = Debug|Any CPU
		{ADDFFD58-E151-4487-A825-4DB19E4FC0B9}.SingleImage|x86.Build.0 = Debug|Any CPU
		{B87454E1-0DA8-475A-806F-5ED3B2D71E73}.CD_ROM|Any CPU.ActiveCfg = Release|Any CPU
		{B87454E1-0DA8-475A-806F-5ED3B2D71E73}.CD_ROM|Any CPU.Build.0 = Release|Any CPU
		{B87454E1-0DA8-475A-806F-5ED3B2D71E73}.CD_ROM|x64.ActiveCfg = Debug|Any CPU
		{B87454E1-0DA8-475A-806F-5ED3B2D71E73}.CD_ROM|x64.Build.0 = Debug|Any CPU
		{B87454E1-0DA8-475A-806F-5ED3B2D71E73}.CD_ROM|x86.ActiveCfg = Debug|Any CPU
		{B87454E1-0DA8-475A-806F-5ED3B2D71E73}.CD_ROM|x86.Build.0 = Debug|Any CPU
		{B87454E1-0DA8-475A-806F-5ED3B2D71E73}.Debug|Any CPU.ActiveCfg = Debug|Any CPU
		{B87454E1-0DA8-475A-806F-5ED3B2D71E73}.Debug|Any CPU.Build.0 = Debug|Any CPU
		{B87454E1-0DA8-475A-806F-5ED3B2D71E73}.Debug|x64.ActiveCfg = Debug|Any CPU
		{B87454E1-0DA8-475A-806F-5ED3B2D71E73}.Debug|x64.Build.0 = Debug|Any CPU
		{B87454E1-0DA8-475A-806F-5ED3B2D71E73}.Debug|x86.ActiveCfg = Debug|Any CPU
		{B87454E1-0DA8-475A-806F-5ED3B2D71E73}.Debug|x86.Build.0 = Debug|Any CPU
		{B87454E1-0DA8-475A-806F-5ED3B2D71E73}.DVD-5|Any CPU.ActiveCfg = Debug|Any CPU
		{B87454E1-0DA8-475A-806F-5ED3B2D71E73}.DVD-5|Any CPU.Build.0 = Debug|Any CPU
		{B87454E1-0DA8-475A-806F-5ED3B2D71E73}.DVD-5|x64.ActiveCfg = Debug|Any CPU
		{B87454E1-0DA8-475A-806F-5ED3B2D71E73}.DVD-5|x64.Build.0 = Debug|Any CPU
		{B87454E1-0DA8-475A-806F-5ED3B2D71E73}.DVD-5|x86.ActiveCfg = Debug|Any CPU
		{B87454E1-0DA8-475A-806F-5ED3B2D71E73}.DVD-5|x86.Build.0 = Debug|Any CPU
		{B87454E1-0DA8-475A-806F-5ED3B2D71E73}.Release|Any CPU.ActiveCfg = Release|Any CPU
		{B87454E1-0DA8-475A-806F-5ED3B2D71E73}.Release|Any CPU.Build.0 = Release|Any CPU
		{B87454E1-0DA8-475A-806F-5ED3B2D71E73}.Release|x64.ActiveCfg = Release|Any CPU
		{B87454E1-0DA8-475A-806F-5ED3B2D71E73}.Release|x64.Build.0 = Release|Any CPU
		{B87454E1-0DA8-475A-806F-5ED3B2D71E73}.Release|x86.ActiveCfg = Release|Any CPU
		{B87454E1-0DA8-475A-806F-5ED3B2D71E73}.Release|x86.Build.0 = Release|Any CPU
		{B87454E1-0DA8-475A-806F-5ED3B2D71E73}.SingleImage|Any CPU.ActiveCfg = Release|Any CPU
		{B87454E1-0DA8-475A-806F-5ED3B2D71E73}.SingleImage|Any CPU.Build.0 = Release|Any CPU
		{B87454E1-0DA8-475A-806F-5ED3B2D71E73}.SingleImage|x64.ActiveCfg = Debug|Any CPU
		{B87454E1-0DA8-475A-806F-5ED3B2D71E73}.SingleImage|x64.Build.0 = Debug|Any CPU
		{B87454E1-0DA8-475A-806F-5ED3B2D71E73}.SingleImage|x86.ActiveCfg = Debug|Any CPU
		{B87454E1-0DA8-475A-806F-5ED3B2D71E73}.SingleImage|x86.Build.0 = Debug|Any CPU
		{EAE16711-1475-4644-BE49-E30E28DA6ED0}.CD_ROM|Any CPU.ActiveCfg = Release|x64
		{EAE16711-1475-4644-BE49-E30E28DA6ED0}.CD_ROM|Any CPU.Build.0 = Release|x64
		{EAE16711-1475-4644-BE49-E30E28DA6ED0}.CD_ROM|x64.ActiveCfg = Release|x64
		{EAE16711-1475-4644-BE49-E30E28DA6ED0}.CD_ROM|x64.Build.0 = Release|x64
		{EAE16711-1475-4644-BE49-E30E28DA6ED0}.CD_ROM|x86.ActiveCfg = Release|Win32
		{EAE16711-1475-4644-BE49-E30E28DA6ED0}.CD_ROM|x86.Build.0 = Release|Win32
		{EAE16711-1475-4644-BE49-E30E28DA6ED0}.Debug|Any CPU.ActiveCfg = Debug|Win32
		{EAE16711-1475-4644-BE49-E30E28DA6ED0}.Debug|Any CPU.Build.0 = Debug|Win32
		{EAE16711-1475-4644-BE49-E30E28DA6ED0}.Debug|x64.ActiveCfg = Debug|Win32
		{EAE16711-1475-4644-BE49-E30E28DA6ED0}.Debug|x64.Build.0 = Debug|x64
		{EAE16711-1475-4644-BE49-E30E28DA6ED0}.Debug|x86.ActiveCfg = Debug|Win32
		{EAE16711-1475-4644-BE49-E30E28DA6ED0}.Debug|x86.Build.0 = Debug|Win32
		{EAE16711-1475-4644-BE49-E30E28DA6ED0}.DVD-5|Any CPU.ActiveCfg = Release|x64
		{EAE16711-1475-4644-BE49-E30E28DA6ED0}.DVD-5|Any CPU.Build.0 = Release|x64
		{EAE16711-1475-4644-BE49-E30E28DA6ED0}.DVD-5|x64.ActiveCfg = Debug|x64
		{EAE16711-1475-4644-BE49-E30E28DA6ED0}.DVD-5|x64.Build.0 = Debug|x64
		{EAE16711-1475-4644-BE49-E30E28DA6ED0}.DVD-5|x86.ActiveCfg = Debug|Win32
		{EAE16711-1475-4644-BE49-E30E28DA6ED0}.DVD-5|x86.Build.0 = Debug|Win32
		{EAE16711-1475-4644-BE49-E30E28DA6ED0}.Release|Any CPU.ActiveCfg = Release|Win32
		{EAE16711-1475-4644-BE49-E30E28DA6ED0}.Release|Any CPU.Build.0 = Release|Win32
		{EAE16711-1475-4644-BE49-E30E28DA6ED0}.Release|x64.ActiveCfg = Release|Win32
		{EAE16711-1475-4644-BE49-E30E28DA6ED0}.Release|x64.Build.0 = Release|x64
		{EAE16711-1475-4644-BE49-E30E28DA6ED0}.Release|x86.ActiveCfg = Release|Win32
		{EAE16711-1475-4644-BE49-E30E28DA6ED0}.Release|x86.Build.0 = Release|Win32
		{EAE16711-1475-4644-BE49-E30E28DA6ED0}.SingleImage|Any CPU.ActiveCfg = Release|x64
		{EAE16711-1475-4644-BE49-E30E28DA6ED0}.SingleImage|Any CPU.Build.0 = Release|x64
		{EAE16711-1475-4644-BE49-E30E28DA6ED0}.SingleImage|x64.ActiveCfg = Release|x64
		{EAE16711-1475-4644-BE49-E30E28DA6ED0}.SingleImage|x64.Build.0 = Release|x64
		{EAE16711-1475-4644-BE49-E30E28DA6ED0}.SingleImage|x86.ActiveCfg = Release|Win32
		{EAE16711-1475-4644-BE49-E30E28DA6ED0}.SingleImage|x86.Build.0 = Release|Win32
		{CEA7ED9E-555F-4C9B-8D8B-A1A708FEEA89}.CD_ROM|Any CPU.ActiveCfg = Release|Any CPU
		{CEA7ED9E-555F-4C9B-8D8B-A1A708FEEA89}.CD_ROM|Any CPU.Build.0 = Release|Any CPU
		{CEA7ED9E-555F-4C9B-8D8B-A1A708FEEA89}.CD_ROM|x64.ActiveCfg = Release|Any CPU
		{CEA7ED9E-555F-4C9B-8D8B-A1A708FEEA89}.CD_ROM|x64.Build.0 = Release|Any CPU
		{CEA7ED9E-555F-4C9B-8D8B-A1A708FEEA89}.CD_ROM|x86.ActiveCfg = Release|Any CPU
		{CEA7ED9E-555F-4C9B-8D8B-A1A708FEEA89}.CD_ROM|x86.Build.0 = Release|Any CPU
		{CEA7ED9E-555F-4C9B-8D8B-A1A708FEEA89}.Debug|Any CPU.ActiveCfg = Debug|Any CPU
		{CEA7ED9E-555F-4C9B-8D8B-A1A708FEEA89}.Debug|Any CPU.Build.0 = Debug|Any CPU
		{CEA7ED9E-555F-4C9B-8D8B-A1A708FEEA89}.Debug|x64.ActiveCfg = Debug|Any CPU
		{CEA7ED9E-555F-4C9B-8D8B-A1A708FEEA89}.Debug|x64.Build.0 = Debug|Any CPU
		{CEA7ED9E-555F-4C9B-8D8B-A1A708FEEA89}.Debug|x86.ActiveCfg = Debug|Any CPU
		{CEA7ED9E-555F-4C9B-8D8B-A1A708FEEA89}.Debug|x86.Build.0 = Debug|Any CPU
		{CEA7ED9E-555F-4C9B-8D8B-A1A708FEEA89}.DVD-5|Any CPU.ActiveCfg = Debug|Any CPU
		{CEA7ED9E-555F-4C9B-8D8B-A1A708FEEA89}.DVD-5|Any CPU.Build.0 = Debug|Any CPU
		{CEA7ED9E-555F-4C9B-8D8B-A1A708FEEA89}.DVD-5|x64.ActiveCfg = Debug|Any CPU
		{CEA7ED9E-555F-4C9B-8D8B-A1A708FEEA89}.DVD-5|x64.Build.0 = Debug|Any CPU
		{CEA7ED9E-555F-4C9B-8D8B-A1A708FEEA89}.DVD-5|x86.ActiveCfg = Debug|Any CPU
		{CEA7ED9E-555F-4C9B-8D8B-A1A708FEEA89}.DVD-5|x86.Build.0 = Debug|Any CPU
		{CEA7ED9E-555F-4C9B-8D8B-A1A708FEEA89}.Release|Any CPU.ActiveCfg = Release|Any CPU
		{CEA7ED9E-555F-4C9B-8D8B-A1A708FEEA89}.Release|Any CPU.Build.0 = Release|Any CPU
		{CEA7ED9E-555F-4C9B-8D8B-A1A708FEEA89}.Release|x64.ActiveCfg = Release|Any CPU
		{CEA7ED9E-555F-4C9B-8D8B-A1A708FEEA89}.Release|x64.Build.0 = Release|Any CPU
		{CEA7ED9E-555F-4C9B-8D8B-A1A708FEEA89}.Release|x86.ActiveCfg = Release|Any CPU
		{CEA7ED9E-555F-4C9B-8D8B-A1A708FEEA89}.Release|x86.Build.0 = Release|Any CPU
		{CEA7ED9E-555F-4C9B-8D8B-A1A708FEEA89}.SingleImage|Any CPU.ActiveCfg = Release|Any CPU
		{CEA7ED9E-555F-4C9B-8D8B-A1A708FEEA89}.SingleImage|Any CPU.Build.0 = Release|Any CPU
		{CEA7ED9E-555F-4C9B-8D8B-A1A708FEEA89}.SingleImage|x64.ActiveCfg = Release|Any CPU
		{CEA7ED9E-555F-4C9B-8D8B-A1A708FEEA89}.SingleImage|x64.Build.0 = Release|Any CPU
		{CEA7ED9E-555F-4C9B-8D8B-A1A708FEEA89}.SingleImage|x86.ActiveCfg = Release|Any CPU
		{CEA7ED9E-555F-4C9B-8D8B-A1A708FEEA89}.SingleImage|x86.Build.0 = Release|Any CPU
		{0F6BD018-4FE4-4349-8F91-C2EAE1FD80F3}.CD_ROM|Any CPU.ActiveCfg = Release|Any CPU
		{0F6BD018-4FE4-4349-8F91-C2EAE1FD80F3}.CD_ROM|Any CPU.Build.0 = Release|Any CPU
		{0F6BD018-4FE4-4349-8F91-C2EAE1FD80F3}.CD_ROM|x64.ActiveCfg = Release|Any CPU
		{0F6BD018-4FE4-4349-8F91-C2EAE1FD80F3}.CD_ROM|x64.Build.0 = Release|Any CPU
		{0F6BD018-4FE4-4349-8F91-C2EAE1FD80F3}.CD_ROM|x86.ActiveCfg = Release|Any CPU
		{0F6BD018-4FE4-4349-8F91-C2EAE1FD80F3}.CD_ROM|x86.Build.0 = Release|Any CPU
		{0F6BD018-4FE4-4349-8F91-C2EAE1FD80F3}.Debug|Any CPU.ActiveCfg = Debug|Any CPU
		{0F6BD018-4FE4-4349-8F91-C2EAE1FD80F3}.Debug|Any CPU.Build.0 = Debug|Any CPU
		{0F6BD018-4FE4-4349-8F91-C2EAE1FD80F3}.Debug|x64.ActiveCfg = Debug|Any CPU
		{0F6BD018-4FE4-4349-8F91-C2EAE1FD80F3}.Debug|x64.Build.0 = Debug|Any CPU
		{0F6BD018-4FE4-4349-8F91-C2EAE1FD80F3}.Debug|x86.ActiveCfg = Debug|Any CPU
		{0F6BD018-4FE4-4349-8F91-C2EAE1FD80F3}.Debug|x86.Build.0 = Debug|Any CPU
		{0F6BD018-4FE4-4349-8F91-C2EAE1FD80F3}.DVD-5|Any CPU.ActiveCfg = Debug|Any CPU
		{0F6BD018-4FE4-4349-8F91-C2EAE1FD80F3}.DVD-5|Any CPU.Build.0 = Debug|Any CPU
		{0F6BD018-4FE4-4349-8F91-C2EAE1FD80F3}.DVD-5|x64.ActiveCfg = Debug|Any CPU
		{0F6BD018-4FE4-4349-8F91-C2EAE1FD80F3}.DVD-5|x64.Build.0 = Debug|Any CPU
		{0F6BD018-4FE4-4349-8F91-C2EAE1FD80F3}.DVD-5|x86.ActiveCfg = Debug|Any CPU
		{0F6BD018-4FE4-4349-8F91-C2EAE1FD80F3}.DVD-5|x86.Build.0 = Debug|Any CPU
		{0F6BD018-4FE4-4349-8F91-C2EAE1FD80F3}.Release|Any CPU.ActiveCfg = Release|Any CPU
		{0F6BD018-4FE4-4349-8F91-C2EAE1FD80F3}.Release|Any CPU.Build.0 = Release|Any CPU
		{0F6BD018-4FE4-4349-8F91-C2EAE1FD80F3}.Release|x64.ActiveCfg = Release|Any CPU
		{0F6BD018-4FE4-4349-8F91-C2EAE1FD80F3}.Release|x64.Build.0 = Release|Any CPU
		{0F6BD018-4FE4-4349-8F91-C2EAE1FD80F3}.Release|x86.ActiveCfg = Release|Any CPU
		{0F6BD018-4FE4-4349-8F91-C2EAE1FD80F3}.Release|x86.Build.0 = Release|Any CPU
		{0F6BD018-4FE4-4349-8F91-C2EAE1FD80F3}.SingleImage|Any CPU.ActiveCfg = Release|Any CPU
		{0F6BD018-4FE4-4349-8F91-C2EAE1FD80F3}.SingleImage|Any CPU.Build.0 = Release|Any CPU
		{0F6BD018-4FE4-4349-8F91-C2EAE1FD80F3}.SingleImage|x64.ActiveCfg = Release|Any CPU
		{0F6BD018-4FE4-4349-8F91-C2EAE1FD80F3}.SingleImage|x64.Build.0 = Release|Any CPU
		{0F6BD018-4FE4-4349-8F91-C2EAE1FD80F3}.SingleImage|x86.ActiveCfg = Release|Any CPU
		{0F6BD018-4FE4-4349-8F91-C2EAE1FD80F3}.SingleImage|x86.Build.0 = Release|Any CPU
		{88CF6DEC-4FA8-45AF-A875-C8A2C4EE003C}.CD_ROM|Any CPU.ActiveCfg = Release|Any CPU
		{88CF6DEC-4FA8-45AF-A875-C8A2C4EE003C}.CD_ROM|Any CPU.Build.0 = Release|Any CPU
		{88CF6DEC-4FA8-45AF-A875-C8A2C4EE003C}.CD_ROM|x64.ActiveCfg = Release|Any CPU
		{88CF6DEC-4FA8-45AF-A875-C8A2C4EE003C}.CD_ROM|x64.Build.0 = Release|Any CPU
		{88CF6DEC-4FA8-45AF-A875-C8A2C4EE003C}.CD_ROM|x86.ActiveCfg = Release|Any CPU
		{88CF6DEC-4FA8-45AF-A875-C8A2C4EE003C}.CD_ROM|x86.Build.0 = Release|Any CPU
		{88CF6DEC-4FA8-45AF-A875-C8A2C4EE003C}.Debug|Any CPU.ActiveCfg = Debug|Any CPU
		{88CF6DEC-4FA8-45AF-A875-C8A2C4EE003C}.Debug|Any CPU.Build.0 = Debug|Any CPU
		{88CF6DEC-4FA8-45AF-A875-C8A2C4EE003C}.Debug|x64.ActiveCfg = Debug|Any CPU
		{88CF6DEC-4FA8-45AF-A875-C8A2C4EE003C}.Debug|x64.Build.0 = Debug|Any CPU
		{88CF6DEC-4FA8-45AF-A875-C8A2C4EE003C}.Debug|x86.ActiveCfg = Debug|Any CPU
		{88CF6DEC-4FA8-45AF-A875-C8A2C4EE003C}.Debug|x86.Build.0 = Debug|Any CPU
		{88CF6DEC-4FA8-45AF-A875-C8A2C4EE003C}.DVD-5|Any CPU.ActiveCfg = Debug|Any CPU
		{88CF6DEC-4FA8-45AF-A875-C8A2C4EE003C}.DVD-5|Any CPU.Build.0 = Debug|Any CPU
		{88CF6DEC-4FA8-45AF-A875-C8A2C4EE003C}.DVD-5|x64.ActiveCfg = Debug|Any CPU
		{88CF6DEC-4FA8-45AF-A875-C8A2C4EE003C}.DVD-5|x64.Build.0 = Debug|Any CPU
		{88CF6DEC-4FA8-45AF-A875-C8A2C4EE003C}.DVD-5|x86.ActiveCfg = Debug|Any CPU
		{88CF6DEC-4FA8-45AF-A875-C8A2C4EE003C}.DVD-5|x86.Build.0 = Debug|Any CPU
		{88CF6DEC-4FA8-45AF-A875-C8A2C4EE003C}.Release|Any CPU.ActiveCfg = Release|Any CPU
		{88CF6DEC-4FA8-45AF-A875-C8A2C4EE003C}.Release|Any CPU.Build.0 = Release|Any CPU
		{88CF6DEC-4FA8-45AF-A875-C8A2C4EE003C}.Release|x64.ActiveCfg = Release|Any CPU
		{88CF6DEC-4FA8-45AF-A875-C8A2C4EE003C}.Release|x64.Build.0 = Release|Any CPU
		{88CF6DEC-4FA8-45AF-A875-C8A2C4EE003C}.Release|x86.ActiveCfg = Release|Any CPU
		{88CF6DEC-4FA8-45AF-A875-C8A2C4EE003C}.Release|x86.Build.0 = Release|Any CPU
		{88CF6DEC-4FA8-45AF-A875-C8A2C4EE003C}.SingleImage|Any CPU.ActiveCfg = Release|Any CPU
		{88CF6DEC-4FA8-45AF-A875-C8A2C4EE003C}.SingleImage|Any CPU.Build.0 = Release|Any CPU
		{88CF6DEC-4FA8-45AF-A875-C8A2C4EE003C}.SingleImage|x64.ActiveCfg = Release|Any CPU
		{88CF6DEC-4FA8-45AF-A875-C8A2C4EE003C}.SingleImage|x64.Build.0 = Release|Any CPU
		{88CF6DEC-4FA8-45AF-A875-C8A2C4EE003C}.SingleImage|x86.ActiveCfg = Release|Any CPU
		{88CF6DEC-4FA8-45AF-A875-C8A2C4EE003C}.SingleImage|x86.Build.0 = Release|Any CPU
		{65C47942-85C7-4E87-92BC-8B51B700C850}.CD_ROM|Any CPU.ActiveCfg = Release|Any CPU
		{65C47942-85C7-4E87-92BC-8B51B700C850}.CD_ROM|Any CPU.Build.0 = Release|Any CPU
		{65C47942-85C7-4E87-92BC-8B51B700C850}.CD_ROM|x64.ActiveCfg = Release|Any CPU
		{65C47942-85C7-4E87-92BC-8B51B700C850}.CD_ROM|x64.Build.0 = Release|Any CPU
		{65C47942-85C7-4E87-92BC-8B51B700C850}.CD_ROM|x86.ActiveCfg = Release|Any CPU
		{65C47942-85C7-4E87-92BC-8B51B700C850}.CD_ROM|x86.Build.0 = Release|Any CPU
		{65C47942-85C7-4E87-92BC-8B51B700C850}.Debug|Any CPU.ActiveCfg = Debug|Any CPU
		{65C47942-85C7-4E87-92BC-8B51B700C850}.Debug|Any CPU.Build.0 = Debug|Any CPU
		{65C47942-85C7-4E87-92BC-8B51B700C850}.Debug|x64.ActiveCfg = Debug|Any CPU
		{65C47942-85C7-4E87-92BC-8B51B700C850}.Debug|x64.Build.0 = Debug|Any CPU
		{65C47942-85C7-4E87-92BC-8B51B700C850}.Debug|x86.ActiveCfg = Debug|Any CPU
		{65C47942-85C7-4E87-92BC-8B51B700C850}.Debug|x86.Build.0 = Debug|Any CPU
		{65C47942-85C7-4E87-92BC-8B51B700C850}.DVD-5|Any CPU.ActiveCfg = Debug|Any CPU
		{65C47942-85C7-4E87-92BC-8B51B700C850}.DVD-5|Any CPU.Build.0 = Debug|Any CPU
		{65C47942-85C7-4E87-92BC-8B51B700C850}.DVD-5|x64.ActiveCfg = Debug|Any CPU
		{65C47942-85C7-4E87-92BC-8B51B700C850}.DVD-5|x64.Build.0 = Debug|Any CPU
		{65C47942-85C7-4E87-92BC-8B51B700C850}.DVD-5|x86.ActiveCfg = Debug|Any CPU
		{65C47942-85C7-4E87-92BC-8B51B700C850}.DVD-5|x86.Build.0 = Debug|Any CPU
		{65C47942-85C7-4E87-92BC-8B51B700C850}.Release|Any CPU.ActiveCfg = Release|Any CPU
		{65C47942-85C7-4E87-92BC-8B51B700C850}.Release|Any CPU.Build.0 = Release|Any CPU
		{65C47942-85C7-4E87-92BC-8B51B700C850}.Release|x64.ActiveCfg = Release|Any CPU
		{65C47942-85C7-4E87-92BC-8B51B700C850}.Release|x64.Build.0 = Release|Any CPU
		{65C47942-85C7-4E87-92BC-8B51B700C850}.Release|x86.ActiveCfg = Release|Any CPU
		{65C47942-85C7-4E87-92BC-8B51B700C850}.Release|x86.Build.0 = Release|Any CPU
		{65C47942-85C7-4E87-92BC-8B51B700C850}.SingleImage|Any CPU.ActiveCfg = Release|Any CPU
		{65C47942-85C7-4E87-92BC-8B51B700C850}.SingleImage|Any CPU.Build.0 = Release|Any CPU
		{65C47942-85C7-4E87-92BC-8B51B700C850}.SingleImage|x64.ActiveCfg = Release|Any CPU
		{65C47942-85C7-4E87-92BC-8B51B700C850}.SingleImage|x64.Build.0 = Release|Any CPU
		{65C47942-85C7-4E87-92BC-8B51B700C850}.SingleImage|x86.ActiveCfg = Release|Any CPU
		{65C47942-85C7-4E87-92BC-8B51B700C850}.SingleImage|x86.Build.0 = Release|Any CPU
		{670338C8-3F09-4A93-9378-DBF3E99FA16B}.CD_ROM|Any CPU.ActiveCfg = Release|Any CPU
		{670338C8-3F09-4A93-9378-DBF3E99FA16B}.CD_ROM|Any CPU.Build.0 = Release|Any CPU
		{670338C8-3F09-4A93-9378-DBF3E99FA16B}.CD_ROM|x64.ActiveCfg = Release|Any CPU
		{670338C8-3F09-4A93-9378-DBF3E99FA16B}.CD_ROM|x64.Build.0 = Release|Any CPU
		{670338C8-3F09-4A93-9378-DBF3E99FA16B}.CD_ROM|x86.ActiveCfg = Release|Any CPU
		{670338C8-3F09-4A93-9378-DBF3E99FA16B}.CD_ROM|x86.Build.0 = Release|Any CPU
		{670338C8-3F09-4A93-9378-DBF3E99FA16B}.Debug|Any CPU.ActiveCfg = Debug|Any CPU
		{670338C8-3F09-4A93-9378-DBF3E99FA16B}.Debug|Any CPU.Build.0 = Debug|Any CPU
		{670338C8-3F09-4A93-9378-DBF3E99FA16B}.Debug|x64.ActiveCfg = Debug|Any CPU
		{670338C8-3F09-4A93-9378-DBF3E99FA16B}.Debug|x64.Build.0 = Debug|Any CPU
		{670338C8-3F09-4A93-9378-DBF3E99FA16B}.Debug|x86.ActiveCfg = Debug|Any CPU
		{670338C8-3F09-4A93-9378-DBF3E99FA16B}.Debug|x86.Build.0 = Debug|Any CPU
		{670338C8-3F09-4A93-9378-DBF3E99FA16B}.DVD-5|Any CPU.ActiveCfg = Debug|Any CPU
		{670338C8-3F09-4A93-9378-DBF3E99FA16B}.DVD-5|Any CPU.Build.0 = Debug|Any CPU
		{670338C8-3F09-4A93-9378-DBF3E99FA16B}.DVD-5|x64.ActiveCfg = Debug|Any CPU
		{670338C8-3F09-4A93-9378-DBF3E99FA16B}.DVD-5|x64.Build.0 = Debug|Any CPU
		{670338C8-3F09-4A93-9378-DBF3E99FA16B}.DVD-5|x86.ActiveCfg = Debug|Any CPU
		{670338C8-3F09-4A93-9378-DBF3E99FA16B}.DVD-5|x86.Build.0 = Debug|Any CPU
		{670338C8-3F09-4A93-9378-DBF3E99FA16B}.Release|Any CPU.ActiveCfg = Release|Any CPU
		{670338C8-3F09-4A93-9378-DBF3E99FA16B}.Release|Any CPU.Build.0 = Release|Any CPU
		{670338C8-3F09-4A93-9378-DBF3E99FA16B}.Release|x64.ActiveCfg = Release|Any CPU
		{670338C8-3F09-4A93-9378-DBF3E99FA16B}.Release|x64.Build.0 = Release|Any CPU
		{670338C8-3F09-4A93-9378-DBF3E99FA16B}.Release|x86.ActiveCfg = Release|Any CPU
		{670338C8-3F09-4A93-9378-DBF3E99FA16B}.Release|x86.Build.0 = Release|Any CPU
		{670338C8-3F09-4A93-9378-DBF3E99FA16B}.SingleImage|Any CPU.ActiveCfg = Release|Any CPU
		{670338C8-3F09-4A93-9378-DBF3E99FA16B}.SingleImage|Any CPU.Build.0 = Release|Any CPU
		{670338C8-3F09-4A93-9378-DBF3E99FA16B}.SingleImage|x64.ActiveCfg = Release|Any CPU
		{670338C8-3F09-4A93-9378-DBF3E99FA16B}.SingleImage|x64.Build.0 = Release|Any CPU
		{670338C8-3F09-4A93-9378-DBF3E99FA16B}.SingleImage|x86.ActiveCfg = Release|Any CPU
		{670338C8-3F09-4A93-9378-DBF3E99FA16B}.SingleImage|x86.Build.0 = Release|Any CPU
		{AB59AF69-2285-497B-A4DC-1EA669B34C61}.CD_ROM|Any CPU.ActiveCfg = Release|Any CPU
		{AB59AF69-2285-497B-A4DC-1EA669B34C61}.CD_ROM|Any CPU.Build.0 = Release|Any CPU
		{AB59AF69-2285-497B-A4DC-1EA669B34C61}.CD_ROM|x64.ActiveCfg = Release|Any CPU
		{AB59AF69-2285-497B-A4DC-1EA669B34C61}.CD_ROM|x64.Build.0 = Release|Any CPU
		{AB59AF69-2285-497B-A4DC-1EA669B34C61}.CD_ROM|x86.ActiveCfg = Release|Any CPU
		{AB59AF69-2285-497B-A4DC-1EA669B34C61}.CD_ROM|x86.Build.0 = Release|Any CPU
		{AB59AF69-2285-497B-A4DC-1EA669B34C61}.Debug|Any CPU.ActiveCfg = Debug|Any CPU
		{AB59AF69-2285-497B-A4DC-1EA669B34C61}.Debug|Any CPU.Build.0 = Debug|Any CPU
		{AB59AF69-2285-497B-A4DC-1EA669B34C61}.Debug|x64.ActiveCfg = Debug|Any CPU
		{AB59AF69-2285-497B-A4DC-1EA669B34C61}.Debug|x64.Build.0 = Debug|Any CPU
		{AB59AF69-2285-497B-A4DC-1EA669B34C61}.Debug|x86.ActiveCfg = Debug|Any CPU
		{AB59AF69-2285-497B-A4DC-1EA669B34C61}.Debug|x86.Build.0 = Debug|Any CPU
		{AB59AF69-2285-497B-A4DC-1EA669B34C61}.DVD-5|Any CPU.ActiveCfg = Debug|Any CPU
		{AB59AF69-2285-497B-A4DC-1EA669B34C61}.DVD-5|Any CPU.Build.0 = Debug|Any CPU
		{AB59AF69-2285-497B-A4DC-1EA669B34C61}.DVD-5|x64.ActiveCfg = Debug|Any CPU
		{AB59AF69-2285-497B-A4DC-1EA669B34C61}.DVD-5|x64.Build.0 = Debug|Any CPU
		{AB59AF69-2285-497B-A4DC-1EA669B34C61}.DVD-5|x86.ActiveCfg = Debug|Any CPU
		{AB59AF69-2285-497B-A4DC-1EA669B34C61}.DVD-5|x86.Build.0 = Debug|Any CPU
		{AB59AF69-2285-497B-A4DC-1EA669B34C61}.Release|Any CPU.ActiveCfg = Release|Any CPU
		{AB59AF69-2285-497B-A4DC-1EA669B34C61}.Release|Any CPU.Build.0 = Release|Any CPU
		{AB59AF69-2285-497B-A4DC-1EA669B34C61}.Release|x64.ActiveCfg = Release|Any CPU
		{AB59AF69-2285-497B-A4DC-1EA669B34C61}.Release|x64.Build.0 = Release|Any CPU
		{AB59AF69-2285-497B-A4DC-1EA669B34C61}.Release|x86.ActiveCfg = Release|Any CPU
		{AB59AF69-2285-497B-A4DC-1EA669B34C61}.Release|x86.Build.0 = Release|Any CPU
		{AB59AF69-2285-497B-A4DC-1EA669B34C61}.SingleImage|Any CPU.ActiveCfg = Release|Any CPU
		{AB59AF69-2285-497B-A4DC-1EA669B34C61}.SingleImage|Any CPU.Build.0 = Release|Any CPU
		{AB59AF69-2285-497B-A4DC-1EA669B34C61}.SingleImage|x64.ActiveCfg = Release|Any CPU
		{AB59AF69-2285-497B-A4DC-1EA669B34C61}.SingleImage|x64.Build.0 = Release|Any CPU
		{AB59AF69-2285-497B-A4DC-1EA669B34C61}.SingleImage|x86.ActiveCfg = Release|Any CPU
		{AB59AF69-2285-497B-A4DC-1EA669B34C61}.SingleImage|x86.Build.0 = Release|Any CPU
		{80F67817-5BF1-4542-B77B-9F29F739B360}.CD_ROM|Any CPU.ActiveCfg = Release|Any CPU
		{80F67817-5BF1-4542-B77B-9F29F739B360}.CD_ROM|Any CPU.Build.0 = Release|Any CPU
		{80F67817-5BF1-4542-B77B-9F29F739B360}.CD_ROM|x64.ActiveCfg = Release|Any CPU
		{80F67817-5BF1-4542-B77B-9F29F739B360}.CD_ROM|x64.Build.0 = Release|Any CPU
		{80F67817-5BF1-4542-B77B-9F29F739B360}.CD_ROM|x86.ActiveCfg = Release|Any CPU
		{80F67817-5BF1-4542-B77B-9F29F739B360}.CD_ROM|x86.Build.0 = Release|Any CPU
		{80F67817-5BF1-4542-B77B-9F29F739B360}.Debug|Any CPU.ActiveCfg = Debug|Any CPU
		{80F67817-5BF1-4542-B77B-9F29F739B360}.Debug|Any CPU.Build.0 = Debug|Any CPU
		{80F67817-5BF1-4542-B77B-9F29F739B360}.Debug|x64.ActiveCfg = Debug|Any CPU
		{80F67817-5BF1-4542-B77B-9F29F739B360}.Debug|x64.Build.0 = Debug|Any CPU
		{80F67817-5BF1-4542-B77B-9F29F739B360}.Debug|x86.ActiveCfg = Debug|Any CPU
		{80F67817-5BF1-4542-B77B-9F29F739B360}.Debug|x86.Build.0 = Debug|Any CPU
		{80F67817-5BF1-4542-B77B-9F29F739B360}.DVD-5|Any CPU.ActiveCfg = Debug|Any CPU
		{80F67817-5BF1-4542-B77B-9F29F739B360}.DVD-5|Any CPU.Build.0 = Debug|Any CPU
		{80F67817-5BF1-4542-B77B-9F29F739B360}.DVD-5|x64.ActiveCfg = Debug|Any CPU
		{80F67817-5BF1-4542-B77B-9F29F739B360}.DVD-5|x64.Build.0 = Debug|Any CPU
		{80F67817-5BF1-4542-B77B-9F29F739B360}.DVD-5|x86.ActiveCfg = Debug|Any CPU
		{80F67817-5BF1-4542-B77B-9F29F739B360}.DVD-5|x86.Build.0 = Debug|Any CPU
		{80F67817-5BF1-4542-B77B-9F29F739B360}.Release|Any CPU.ActiveCfg = Release|Any CPU
		{80F67817-5BF1-4542-B77B-9F29F739B360}.Release|Any CPU.Build.0 = Release|Any CPU
		{80F67817-5BF1-4542-B77B-9F29F739B360}.Release|x64.ActiveCfg = Release|Any CPU
		{80F67817-5BF1-4542-B77B-9F29F739B360}.Release|x64.Build.0 = Release|Any CPU
		{80F67817-5BF1-4542-B77B-9F29F739B360}.Release|x86.ActiveCfg = Release|Any CPU
		{80F67817-5BF1-4542-B77B-9F29F739B360}.Release|x86.Build.0 = Release|Any CPU
		{80F67817-5BF1-4542-B77B-9F29F739B360}.SingleImage|Any CPU.ActiveCfg = Release|Any CPU
		{80F67817-5BF1-4542-B77B-9F29F739B360}.SingleImage|Any CPU.Build.0 = Release|Any CPU
		{80F67817-5BF1-4542-B77B-9F29F739B360}.SingleImage|x64.ActiveCfg = Release|Any CPU
		{80F67817-5BF1-4542-B77B-9F29F739B360}.SingleImage|x64.Build.0 = Release|Any CPU
		{80F67817-5BF1-4542-B77B-9F29F739B360}.SingleImage|x86.ActiveCfg = Release|Any CPU
		{80F67817-5BF1-4542-B77B-9F29F739B360}.SingleImage|x86.Build.0 = Release|Any CPU
		{050EE5E6-526C-4195-881F-E50D0882FACA}.CD_ROM|Any CPU.ActiveCfg = Release|Any CPU
		{050EE5E6-526C-4195-881F-E50D0882FACA}.CD_ROM|Any CPU.Build.0 = Release|Any CPU
		{050EE5E6-526C-4195-881F-E50D0882FACA}.CD_ROM|x64.ActiveCfg = Release|Any CPU
		{050EE5E6-526C-4195-881F-E50D0882FACA}.CD_ROM|x64.Build.0 = Release|Any CPU
		{050EE5E6-526C-4195-881F-E50D0882FACA}.CD_ROM|x86.ActiveCfg = Release|Any CPU
		{050EE5E6-526C-4195-881F-E50D0882FACA}.CD_ROM|x86.Build.0 = Release|Any CPU
		{050EE5E6-526C-4195-881F-E50D0882FACA}.Debug|Any CPU.ActiveCfg = Debug|Any CPU
		{050EE5E6-526C-4195-881F-E50D0882FACA}.Debug|Any CPU.Build.0 = Debug|Any CPU
		{050EE5E6-526C-4195-881F-E50D0882FACA}.Debug|x64.ActiveCfg = Debug|Any CPU
		{050EE5E6-526C-4195-881F-E50D0882FACA}.Debug|x64.Build.0 = Debug|Any CPU
		{050EE5E6-526C-4195-881F-E50D0882FACA}.Debug|x86.ActiveCfg = Debug|Any CPU
		{050EE5E6-526C-4195-881F-E50D0882FACA}.Debug|x86.Build.0 = Debug|Any CPU
		{050EE5E6-526C-4195-881F-E50D0882FACA}.DVD-5|Any CPU.ActiveCfg = Debug|Any CPU
		{050EE5E6-526C-4195-881F-E50D0882FACA}.DVD-5|Any CPU.Build.0 = Debug|Any CPU
		{050EE5E6-526C-4195-881F-E50D0882FACA}.DVD-5|x64.ActiveCfg = Debug|Any CPU
		{050EE5E6-526C-4195-881F-E50D0882FACA}.DVD-5|x64.Build.0 = Debug|Any CPU
		{050EE5E6-526C-4195-881F-E50D0882FACA}.DVD-5|x86.ActiveCfg = Debug|Any CPU
		{050EE5E6-526C-4195-881F-E50D0882FACA}.DVD-5|x86.Build.0 = Debug|Any CPU
		{050EE5E6-526C-4195-881F-E50D0882FACA}.Release|Any CPU.ActiveCfg = Release|Any CPU
		{050EE5E6-526C-4195-881F-E50D0882FACA}.Release|Any CPU.Build.0 = Release|Any CPU
		{050EE5E6-526C-4195-881F-E50D0882FACA}.Release|x64.ActiveCfg = Release|Any CPU
		{050EE5E6-526C-4195-881F-E50D0882FACA}.Release|x64.Build.0 = Release|Any CPU
		{050EE5E6-526C-4195-881F-E50D0882FACA}.Release|x86.ActiveCfg = Release|Any CPU
		{050EE5E6-526C-4195-881F-E50D0882FACA}.Release|x86.Build.0 = Release|Any CPU
		{050EE5E6-526C-4195-881F-E50D0882FACA}.SingleImage|Any CPU.ActiveCfg = Release|Any CPU
		{050EE5E6-526C-4195-881F-E50D0882FACA}.SingleImage|Any CPU.Build.0 = Release|Any CPU
		{050EE5E6-526C-4195-881F-E50D0882FACA}.SingleImage|x64.ActiveCfg = Release|Any CPU
		{050EE5E6-526C-4195-881F-E50D0882FACA}.SingleImage|x64.Build.0 = Release|Any CPU
		{050EE5E6-526C-4195-881F-E50D0882FACA}.SingleImage|x86.ActiveCfg = Release|Any CPU
		{050EE5E6-526C-4195-881F-E50D0882FACA}.SingleImage|x86.Build.0 = Release|Any CPU
		{8A63F7A1-6895-4846-9BB5-5F5693D06B7E}.CD_ROM|Any CPU.ActiveCfg = Release|Any CPU
		{8A63F7A1-6895-4846-9BB5-5F5693D06B7E}.CD_ROM|Any CPU.Build.0 = Release|Any CPU
		{8A63F7A1-6895-4846-9BB5-5F5693D06B7E}.CD_ROM|x64.ActiveCfg = Release|Any CPU
		{8A63F7A1-6895-4846-9BB5-5F5693D06B7E}.CD_ROM|x64.Build.0 = Release|Any CPU
		{8A63F7A1-6895-4846-9BB5-5F5693D06B7E}.CD_ROM|x86.ActiveCfg = Release|Any CPU
		{8A63F7A1-6895-4846-9BB5-5F5693D06B7E}.CD_ROM|x86.Build.0 = Release|Any CPU
		{8A63F7A1-6895-4846-9BB5-5F5693D06B7E}.Debug|Any CPU.ActiveCfg = Debug|Any CPU
		{8A63F7A1-6895-4846-9BB5-5F5693D06B7E}.Debug|Any CPU.Build.0 = Debug|Any CPU
		{8A63F7A1-6895-4846-9BB5-5F5693D06B7E}.Debug|x64.ActiveCfg = Debug|Any CPU
		{8A63F7A1-6895-4846-9BB5-5F5693D06B7E}.Debug|x64.Build.0 = Debug|Any CPU
		{8A63F7A1-6895-4846-9BB5-5F5693D06B7E}.Debug|x86.ActiveCfg = Debug|Any CPU
		{8A63F7A1-6895-4846-9BB5-5F5693D06B7E}.Debug|x86.Build.0 = Debug|Any CPU
		{8A63F7A1-6895-4846-9BB5-5F5693D06B7E}.DVD-5|Any CPU.ActiveCfg = Debug|Any CPU
		{8A63F7A1-6895-4846-9BB5-5F5693D06B7E}.DVD-5|Any CPU.Build.0 = Debug|Any CPU
		{8A63F7A1-6895-4846-9BB5-5F5693D06B7E}.DVD-5|x64.ActiveCfg = Debug|Any CPU
		{8A63F7A1-6895-4846-9BB5-5F5693D06B7E}.DVD-5|x64.Build.0 = Debug|Any CPU
		{8A63F7A1-6895-4846-9BB5-5F5693D06B7E}.DVD-5|x86.ActiveCfg = Debug|Any CPU
		{8A63F7A1-6895-4846-9BB5-5F5693D06B7E}.DVD-5|x86.Build.0 = Debug|Any CPU
		{8A63F7A1-6895-4846-9BB5-5F5693D06B7E}.Release|Any CPU.ActiveCfg = Release|Any CPU
		{8A63F7A1-6895-4846-9BB5-5F5693D06B7E}.Release|Any CPU.Build.0 = Release|Any CPU
		{8A63F7A1-6895-4846-9BB5-5F5693D06B7E}.Release|x64.ActiveCfg = Release|Any CPU
		{8A63F7A1-6895-4846-9BB5-5F5693D06B7E}.Release|x64.Build.0 = Release|Any CPU
		{8A63F7A1-6895-4846-9BB5-5F5693D06B7E}.Release|x86.ActiveCfg = Release|Any CPU
		{8A63F7A1-6895-4846-9BB5-5F5693D06B7E}.Release|x86.Build.0 = Release|Any CPU
		{8A63F7A1-6895-4846-9BB5-5F5693D06B7E}.SingleImage|Any CPU.ActiveCfg = Release|Any CPU
		{8A63F7A1-6895-4846-9BB5-5F5693D06B7E}.SingleImage|Any CPU.Build.0 = Release|Any CPU
		{8A63F7A1-6895-4846-9BB5-5F5693D06B7E}.SingleImage|x64.ActiveCfg = Release|Any CPU
		{8A63F7A1-6895-4846-9BB5-5F5693D06B7E}.SingleImage|x64.Build.0 = Release|Any CPU
		{8A63F7A1-6895-4846-9BB5-5F5693D06B7E}.SingleImage|x86.ActiveCfg = Release|Any CPU
		{8A63F7A1-6895-4846-9BB5-5F5693D06B7E}.SingleImage|x86.Build.0 = Release|Any CPU
		{98D376F1-121C-464C-8E94-716A131FFC21}.CD_ROM|Any CPU.ActiveCfg = Release|Any CPU
		{98D376F1-121C-464C-8E94-716A131FFC21}.CD_ROM|Any CPU.Build.0 = Release|Any CPU
		{98D376F1-121C-464C-8E94-716A131FFC21}.CD_ROM|x64.ActiveCfg = Release|Any CPU
		{98D376F1-121C-464C-8E94-716A131FFC21}.CD_ROM|x64.Build.0 = Release|Any CPU
		{98D376F1-121C-464C-8E94-716A131FFC21}.CD_ROM|x86.ActiveCfg = Release|Any CPU
		{98D376F1-121C-464C-8E94-716A131FFC21}.CD_ROM|x86.Build.0 = Release|Any CPU
		{98D376F1-121C-464C-8E94-716A131FFC21}.Debug|Any CPU.ActiveCfg = Debug|Any CPU
		{98D376F1-121C-464C-8E94-716A131FFC21}.Debug|Any CPU.Build.0 = Debug|Any CPU
		{98D376F1-121C-464C-8E94-716A131FFC21}.Debug|x64.ActiveCfg = Debug|Any CPU
		{98D376F1-121C-464C-8E94-716A131FFC21}.Debug|x64.Build.0 = Debug|Any CPU
		{98D376F1-121C-464C-8E94-716A131FFC21}.Debug|x86.ActiveCfg = Debug|Any CPU
		{98D376F1-121C-464C-8E94-716A131FFC21}.Debug|x86.Build.0 = Debug|Any CPU
		{98D376F1-121C-464C-8E94-716A131FFC21}.DVD-5|Any CPU.ActiveCfg = Debug|Any CPU
		{98D376F1-121C-464C-8E94-716A131FFC21}.DVD-5|Any CPU.Build.0 = Debug|Any CPU
		{98D376F1-121C-464C-8E94-716A131FFC21}.DVD-5|x64.ActiveCfg = Debug|Any CPU
		{98D376F1-121C-464C-8E94-716A131FFC21}.DVD-5|x64.Build.0 = Debug|Any CPU
		{98D376F1-121C-464C-8E94-716A131FFC21}.DVD-5|x86.ActiveCfg = Debug|Any CPU
		{98D376F1-121C-464C-8E94-716A131FFC21}.DVD-5|x86.Build.0 = Debug|Any CPU
		{98D376F1-121C-464C-8E94-716A131FFC21}.Release|Any CPU.ActiveCfg = Release|Any CPU
		{98D376F1-121C-464C-8E94-716A131FFC21}.Release|Any CPU.Build.0 = Release|Any CPU
		{98D376F1-121C-464C-8E94-716A131FFC21}.Release|x64.ActiveCfg = Release|Any CPU
		{98D376F1-121C-464C-8E94-716A131FFC21}.Release|x64.Build.0 = Release|Any CPU
		{98D376F1-121C-464C-8E94-716A131FFC21}.Release|x86.ActiveCfg = Release|Any CPU
		{98D376F1-121C-464C-8E94-716A131FFC21}.Release|x86.Build.0 = Release|Any CPU
		{98D376F1-121C-464C-8E94-716A131FFC21}.SingleImage|Any CPU.ActiveCfg = Release|Any CPU
		{98D376F1-121C-464C-8E94-716A131FFC21}.SingleImage|Any CPU.Build.0 = Release|Any CPU
		{98D376F1-121C-464C-8E94-716A131FFC21}.SingleImage|x64.ActiveCfg = Release|Any CPU
		{98D376F1-121C-464C-8E94-716A131FFC21}.SingleImage|x64.Build.0 = Release|Any CPU
		{98D376F1-121C-464C-8E94-716A131FFC21}.SingleImage|x86.ActiveCfg = Release|Any CPU
		{98D376F1-121C-464C-8E94-716A131FFC21}.SingleImage|x86.Build.0 = Release|Any CPU
		{AD6DA6A6-29AC-4DE0-A007-CCB3A61FBFF7}.CD_ROM|Any CPU.ActiveCfg = Release|Any CPU
		{AD6DA6A6-29AC-4DE0-A007-CCB3A61FBFF7}.CD_ROM|Any CPU.Build.0 = Release|Any CPU
		{AD6DA6A6-29AC-4DE0-A007-CCB3A61FBFF7}.CD_ROM|x64.ActiveCfg = Release|Any CPU
		{AD6DA6A6-29AC-4DE0-A007-CCB3A61FBFF7}.CD_ROM|x64.Build.0 = Release|Any CPU
		{AD6DA6A6-29AC-4DE0-A007-CCB3A61FBFF7}.CD_ROM|x86.ActiveCfg = Release|Any CPU
		{AD6DA6A6-29AC-4DE0-A007-CCB3A61FBFF7}.CD_ROM|x86.Build.0 = Release|Any CPU
		{AD6DA6A6-29AC-4DE0-A007-CCB3A61FBFF7}.Debug|Any CPU.ActiveCfg = Debug|Any CPU
		{AD6DA6A6-29AC-4DE0-A007-CCB3A61FBFF7}.Debug|Any CPU.Build.0 = Debug|Any CPU
		{AD6DA6A6-29AC-4DE0-A007-CCB3A61FBFF7}.Debug|x64.ActiveCfg = Debug|Any CPU
		{AD6DA6A6-29AC-4DE0-A007-CCB3A61FBFF7}.Debug|x64.Build.0 = Debug|Any CPU
		{AD6DA6A6-29AC-4DE0-A007-CCB3A61FBFF7}.Debug|x86.ActiveCfg = Debug|Any CPU
		{AD6DA6A6-29AC-4DE0-A007-CCB3A61FBFF7}.Debug|x86.Build.0 = Debug|Any CPU
		{AD6DA6A6-29AC-4DE0-A007-CCB3A61FBFF7}.DVD-5|Any CPU.ActiveCfg = Debug|Any CPU
		{AD6DA6A6-29AC-4DE0-A007-CCB3A61FBFF7}.DVD-5|Any CPU.Build.0 = Debug|Any CPU
		{AD6DA6A6-29AC-4DE0-A007-CCB3A61FBFF7}.DVD-5|x64.ActiveCfg = Debug|Any CPU
		{AD6DA6A6-29AC-4DE0-A007-CCB3A61FBFF7}.DVD-5|x64.Build.0 = Debug|Any CPU
		{AD6DA6A6-29AC-4DE0-A007-CCB3A61FBFF7}.DVD-5|x86.ActiveCfg = Debug|Any CPU
		{AD6DA6A6-29AC-4DE0-A007-CCB3A61FBFF7}.DVD-5|x86.Build.0 = Debug|Any CPU
		{AD6DA6A6-29AC-4DE0-A007-CCB3A61FBFF7}.Release|Any CPU.ActiveCfg = Release|Any CPU
		{AD6DA6A6-29AC-4DE0-A007-CCB3A61FBFF7}.Release|Any CPU.Build.0 = Release|Any CPU
		{AD6DA6A6-29AC-4DE0-A007-CCB3A61FBFF7}.Release|x64.ActiveCfg = Release|Any CPU
		{AD6DA6A6-29AC-4DE0-A007-CCB3A61FBFF7}.Release|x64.Build.0 = Release|Any CPU
		{AD6DA6A6-29AC-4DE0-A007-CCB3A61FBFF7}.Release|x86.ActiveCfg = Release|Any CPU
		{AD6DA6A6-29AC-4DE0-A007-CCB3A61FBFF7}.Release|x86.Build.0 = Release|Any CPU
		{AD6DA6A6-29AC-4DE0-A007-CCB3A61FBFF7}.SingleImage|Any CPU.ActiveCfg = Release|Any CPU
		{AD6DA6A6-29AC-4DE0-A007-CCB3A61FBFF7}.SingleImage|Any CPU.Build.0 = Release|Any CPU
		{AD6DA6A6-29AC-4DE0-A007-CCB3A61FBFF7}.SingleImage|x64.ActiveCfg = Release|Any CPU
		{AD6DA6A6-29AC-4DE0-A007-CCB3A61FBFF7}.SingleImage|x64.Build.0 = Release|Any CPU
		{AD6DA6A6-29AC-4DE0-A007-CCB3A61FBFF7}.SingleImage|x86.ActiveCfg = Release|Any CPU
		{AD6DA6A6-29AC-4DE0-A007-CCB3A61FBFF7}.SingleImage|x86.Build.0 = Release|Any CPU
		{6287251B-D2C5-4A03-89F3-7DE1F9399D7A}.CD_ROM|Any CPU.ActiveCfg = Release|Any CPU
		{6287251B-D2C5-4A03-89F3-7DE1F9399D7A}.CD_ROM|Any CPU.Build.0 = Release|Any CPU
		{6287251B-D2C5-4A03-89F3-7DE1F9399D7A}.CD_ROM|x64.ActiveCfg = Release|Any CPU
		{6287251B-D2C5-4A03-89F3-7DE1F9399D7A}.CD_ROM|x64.Build.0 = Release|Any CPU
		{6287251B-D2C5-4A03-89F3-7DE1F9399D7A}.CD_ROM|x86.ActiveCfg = Release|Any CPU
		{6287251B-D2C5-4A03-89F3-7DE1F9399D7A}.CD_ROM|x86.Build.0 = Release|Any CPU
		{6287251B-D2C5-4A03-89F3-7DE1F9399D7A}.Debug|Any CPU.ActiveCfg = Debug|Any CPU
		{6287251B-D2C5-4A03-89F3-7DE1F9399D7A}.Debug|Any CPU.Build.0 = Debug|Any CPU
		{6287251B-D2C5-4A03-89F3-7DE1F9399D7A}.Debug|x64.ActiveCfg = Debug|Any CPU
		{6287251B-D2C5-4A03-89F3-7DE1F9399D7A}.Debug|x64.Build.0 = Debug|Any CPU
		{6287251B-D2C5-4A03-89F3-7DE1F9399D7A}.Debug|x86.ActiveCfg = Debug|Any CPU
		{6287251B-D2C5-4A03-89F3-7DE1F9399D7A}.Debug|x86.Build.0 = Debug|Any CPU
		{6287251B-D2C5-4A03-89F3-7DE1F9399D7A}.DVD-5|Any CPU.ActiveCfg = Debug|Any CPU
		{6287251B-D2C5-4A03-89F3-7DE1F9399D7A}.DVD-5|Any CPU.Build.0 = Debug|Any CPU
		{6287251B-D2C5-4A03-89F3-7DE1F9399D7A}.DVD-5|x64.ActiveCfg = Debug|Any CPU
		{6287251B-D2C5-4A03-89F3-7DE1F9399D7A}.DVD-5|x64.Build.0 = Debug|Any CPU
		{6287251B-D2C5-4A03-89F3-7DE1F9399D7A}.DVD-5|x86.ActiveCfg = Debug|Any CPU
		{6287251B-D2C5-4A03-89F3-7DE1F9399D7A}.DVD-5|x86.Build.0 = Debug|Any CPU
		{6287251B-D2C5-4A03-89F3-7DE1F9399D7A}.Release|Any CPU.ActiveCfg = Release|Any CPU
		{6287251B-D2C5-4A03-89F3-7DE1F9399D7A}.Release|Any CPU.Build.0 = Release|Any CPU
		{6287251B-D2C5-4A03-89F3-7DE1F9399D7A}.Release|x64.ActiveCfg = Release|Any CPU
		{6287251B-D2C5-4A03-89F3-7DE1F9399D7A}.Release|x64.Build.0 = Release|Any CPU
		{6287251B-D2C5-4A03-89F3-7DE1F9399D7A}.Release|x86.ActiveCfg = Release|Any CPU
		{6287251B-D2C5-4A03-89F3-7DE1F9399D7A}.Release|x86.Build.0 = Release|Any CPU
		{6287251B-D2C5-4A03-89F3-7DE1F9399D7A}.SingleImage|Any CPU.ActiveCfg = Release|Any CPU
		{6287251B-D2C5-4A03-89F3-7DE1F9399D7A}.SingleImage|Any CPU.Build.0 = Release|Any CPU
		{6287251B-D2C5-4A03-89F3-7DE1F9399D7A}.SingleImage|x64.ActiveCfg = Release|Any CPU
		{6287251B-D2C5-4A03-89F3-7DE1F9399D7A}.SingleImage|x64.Build.0 = Release|Any CPU
		{6287251B-D2C5-4A03-89F3-7DE1F9399D7A}.SingleImage|x86.ActiveCfg = Release|Any CPU
		{6287251B-D2C5-4A03-89F3-7DE1F9399D7A}.SingleImage|x86.Build.0 = Release|Any CPU
		{A0D2F2F0-83BD-45D5-9EE7-8E7F5DE02F2F}.CD_ROM|Any CPU.ActiveCfg = Release|Any CPU
		{A0D2F2F0-83BD-45D5-9EE7-8E7F5DE02F2F}.CD_ROM|Any CPU.Build.0 = Release|Any CPU
		{A0D2F2F0-83BD-45D5-9EE7-8E7F5DE02F2F}.CD_ROM|x64.ActiveCfg = Release|Any CPU
		{A0D2F2F0-83BD-45D5-9EE7-8E7F5DE02F2F}.CD_ROM|x64.Build.0 = Release|Any CPU
		{A0D2F2F0-83BD-45D5-9EE7-8E7F5DE02F2F}.CD_ROM|x86.ActiveCfg = Release|Any CPU
		{A0D2F2F0-83BD-45D5-9EE7-8E7F5DE02F2F}.CD_ROM|x86.Build.0 = Release|Any CPU
		{A0D2F2F0-83BD-45D5-9EE7-8E7F5DE02F2F}.Debug|Any CPU.ActiveCfg = Debug|Any CPU
		{A0D2F2F0-83BD-45D5-9EE7-8E7F5DE02F2F}.Debug|Any CPU.Build.0 = Debug|Any CPU
		{A0D2F2F0-83BD-45D5-9EE7-8E7F5DE02F2F}.Debug|x64.ActiveCfg = Debug|Any CPU
		{A0D2F2F0-83BD-45D5-9EE7-8E7F5DE02F2F}.Debug|x64.Build.0 = Debug|Any CPU
		{A0D2F2F0-83BD-45D5-9EE7-8E7F5DE02F2F}.Debug|x86.ActiveCfg = Debug|Any CPU
		{A0D2F2F0-83BD-45D5-9EE7-8E7F5DE02F2F}.Debug|x86.Build.0 = Debug|Any CPU
		{A0D2F2F0-83BD-45D5-9EE7-8E7F5DE02F2F}.DVD-5|Any CPU.ActiveCfg = Debug|Any CPU
		{A0D2F2F0-83BD-45D5-9EE7-8E7F5DE02F2F}.DVD-5|Any CPU.Build.0 = Debug|Any CPU
		{A0D2F2F0-83BD-45D5-9EE7-8E7F5DE02F2F}.DVD-5|x64.ActiveCfg = Debug|Any CPU
		{A0D2F2F0-83BD-45D5-9EE7-8E7F5DE02F2F}.DVD-5|x64.Build.0 = Debug|Any CPU
		{A0D2F2F0-83BD-45D5-9EE7-8E7F5DE02F2F}.DVD-5|x86.ActiveCfg = Debug|Any CPU
		{A0D2F2F0-83BD-45D5-9EE7-8E7F5DE02F2F}.DVD-5|x86.Build.0 = Debug|Any CPU
		{A0D2F2F0-83BD-45D5-9EE7-8E7F5DE02F2F}.Release|Any CPU.ActiveCfg = Release|Any CPU
		{A0D2F2F0-83BD-45D5-9EE7-8E7F5DE02F2F}.Release|Any CPU.Build.0 = Release|Any CPU
		{A0D2F2F0-83BD-45D5-9EE7-8E7F5DE02F2F}.Release|x64.ActiveCfg = Release|Any CPU
		{A0D2F2F0-83BD-45D5-9EE7-8E7F5DE02F2F}.Release|x64.Build.0 = Release|Any CPU
		{A0D2F2F0-83BD-45D5-9EE7-8E7F5DE02F2F}.Release|x86.ActiveCfg = Release|Any CPU
		{A0D2F2F0-83BD-45D5-9EE7-8E7F5DE02F2F}.Release|x86.Build.0 = Release|Any CPU
		{A0D2F2F0-83BD-45D5-9EE7-8E7F5DE02F2F}.SingleImage|Any CPU.ActiveCfg = Release|Any CPU
		{A0D2F2F0-83BD-45D5-9EE7-8E7F5DE02F2F}.SingleImage|Any CPU.Build.0 = Release|Any CPU
		{A0D2F2F0-83BD-45D5-9EE7-8E7F5DE02F2F}.SingleImage|x64.ActiveCfg = Release|Any CPU
		{A0D2F2F0-83BD-45D5-9EE7-8E7F5DE02F2F}.SingleImage|x64.Build.0 = Release|Any CPU
		{A0D2F2F0-83BD-45D5-9EE7-8E7F5DE02F2F}.SingleImage|x86.ActiveCfg = Release|Any CPU
		{A0D2F2F0-83BD-45D5-9EE7-8E7F5DE02F2F}.SingleImage|x86.Build.0 = Release|Any CPU
		{07563C49-6584-4631-8746-D055BC7E3CA6}.CD_ROM|Any CPU.ActiveCfg = Release|Any CPU
		{07563C49-6584-4631-8746-D055BC7E3CA6}.CD_ROM|Any CPU.Build.0 = Release|Any CPU
		{07563C49-6584-4631-8746-D055BC7E3CA6}.CD_ROM|x64.ActiveCfg = Release|Any CPU
		{07563C49-6584-4631-8746-D055BC7E3CA6}.CD_ROM|x64.Build.0 = Release|Any CPU
		{07563C49-6584-4631-8746-D055BC7E3CA6}.CD_ROM|x86.ActiveCfg = Release|Any CPU
		{07563C49-6584-4631-8746-D055BC7E3CA6}.CD_ROM|x86.Build.0 = Release|Any CPU
		{07563C49-6584-4631-8746-D055BC7E3CA6}.Debug|Any CPU.ActiveCfg = Debug|Any CPU
		{07563C49-6584-4631-8746-D055BC7E3CA6}.Debug|Any CPU.Build.0 = Debug|Any CPU
		{07563C49-6584-4631-8746-D055BC7E3CA6}.Debug|x64.ActiveCfg = Debug|Any CPU
		{07563C49-6584-4631-8746-D055BC7E3CA6}.Debug|x64.Build.0 = Debug|Any CPU
		{07563C49-6584-4631-8746-D055BC7E3CA6}.Debug|x86.ActiveCfg = Debug|Any CPU
		{07563C49-6584-4631-8746-D055BC7E3CA6}.Debug|x86.Build.0 = Debug|Any CPU
		{07563C49-6584-4631-8746-D055BC7E3CA6}.DVD-5|Any CPU.ActiveCfg = Debug|Any CPU
		{07563C49-6584-4631-8746-D055BC7E3CA6}.DVD-5|Any CPU.Build.0 = Debug|Any CPU
		{07563C49-6584-4631-8746-D055BC7E3CA6}.DVD-5|x64.ActiveCfg = Debug|Any CPU
		{07563C49-6584-4631-8746-D055BC7E3CA6}.DVD-5|x64.Build.0 = Debug|Any CPU
		{07563C49-6584-4631-8746-D055BC7E3CA6}.DVD-5|x86.ActiveCfg = Debug|Any CPU
		{07563C49-6584-4631-8746-D055BC7E3CA6}.DVD-5|x86.Build.0 = Debug|Any CPU
		{07563C49-6584-4631-8746-D055BC7E3CA6}.Release|Any CPU.ActiveCfg = Release|Any CPU
		{07563C49-6584-4631-8746-D055BC7E3CA6}.Release|Any CPU.Build.0 = Release|Any CPU
		{07563C49-6584-4631-8746-D055BC7E3CA6}.Release|x64.ActiveCfg = Release|Any CPU
		{07563C49-6584-4631-8746-D055BC7E3CA6}.Release|x64.Build.0 = Release|Any CPU
		{07563C49-6584-4631-8746-D055BC7E3CA6}.Release|x86.ActiveCfg = Release|Any CPU
		{07563C49-6584-4631-8746-D055BC7E3CA6}.Release|x86.Build.0 = Release|Any CPU
		{07563C49-6584-4631-8746-D055BC7E3CA6}.SingleImage|Any CPU.ActiveCfg = Release|Any CPU
		{07563C49-6584-4631-8746-D055BC7E3CA6}.SingleImage|Any CPU.Build.0 = Release|Any CPU
		{07563C49-6584-4631-8746-D055BC7E3CA6}.SingleImage|x64.ActiveCfg = Release|Any CPU
		{07563C49-6584-4631-8746-D055BC7E3CA6}.SingleImage|x64.Build.0 = Release|Any CPU
		{07563C49-6584-4631-8746-D055BC7E3CA6}.SingleImage|x86.ActiveCfg = Release|Any CPU
		{07563C49-6584-4631-8746-D055BC7E3CA6}.SingleImage|x86.Build.0 = Release|Any CPU
	EndGlobalSection
	GlobalSection(SolutionProperties) = preSolution
		HideSolutionNode = FALSE
	EndGlobalSection
	GlobalSection(NestedProjects) = preSolution
		{EE637D4B-27E6-457C-AF39-1293F47AA966} = {0853135E-B106-4992-AD60-6873CD1ECA67}
		{ADDFFD58-E151-4487-A825-4DB19E4FC0B9} = {303607D9-322B-4C13-9E0D-49D5A6051797}
		{EAE16711-1475-4644-BE49-E30E28DA6ED0} = {0853135E-B106-4992-AD60-6873CD1ECA67}
		{CEA7ED9E-555F-4C9B-8D8B-A1A708FEEA89} = {303607D9-322B-4C13-9E0D-49D5A6051797}
		{0F6BD018-4FE4-4349-8F91-C2EAE1FD80F3} = {5F907660-4966-4ECD-81EA-43423C0178E5}
		{88CF6DEC-4FA8-45AF-A875-C8A2C4EE003C} = {5F907660-4966-4ECD-81EA-43423C0178E5}
		{65C47942-85C7-4E87-92BC-8B51B700C850} = {5F907660-4966-4ECD-81EA-43423C0178E5}
		{670338C8-3F09-4A93-9378-DBF3E99FA16B} = {5F907660-4966-4ECD-81EA-43423C0178E5}
		{AB59AF69-2285-497B-A4DC-1EA669B34C61} = {5F907660-4966-4ECD-81EA-43423C0178E5}
		{80F67817-5BF1-4542-B77B-9F29F739B360} = {0853135E-B106-4992-AD60-6873CD1ECA67}
		{050EE5E6-526C-4195-881F-E50D0882FACA} = {303607D9-322B-4C13-9E0D-49D5A6051797}
		{8A63F7A1-6895-4846-9BB5-5F5693D06B7E} = {303607D9-322B-4C13-9E0D-49D5A6051797}
		{98D376F1-121C-464C-8E94-716A131FFC21} = {303607D9-322B-4C13-9E0D-49D5A6051797}
		{AD6DA6A6-29AC-4DE0-A007-CCB3A61FBFF7} = {303607D9-322B-4C13-9E0D-49D5A6051797}
		{6287251B-D2C5-4A03-89F3-7DE1F9399D7A} = {303607D9-322B-4C13-9E0D-49D5A6051797}
		{A0D2F2F0-83BD-45D5-9EE7-8E7F5DE02F2F} = {303607D9-322B-4C13-9E0D-49D5A6051797}
		{07563C49-6584-4631-8746-D055BC7E3CA6} = {0853135E-B106-4992-AD60-6873CD1ECA67}
	EndGlobalSection
	GlobalSection(ExtensibilityGlobals) = postSolution
		SolutionGuid = {08984979-1B3A-4248-83D9-7F5EE0800896}
	EndGlobalSection
EndGlobal
